// !$*UTF8*$!
{
	archiveVersion = 1;
	classes = {
	};
	objectVersion = 46;
	objects = {

/* Begin PBXBuildFile section */
		8C9A415B1A54FE5C00C23815 /* AppDelegate.swift in Sources */ = {isa = PBXBuildFile; fileRef = 8C9A415A1A54FE5C00C23815 /* AppDelegate.swift */; };
		8C9A415D1A54FE5C00C23815 /* ViewController.swift in Sources */ = {isa = PBXBuildFile; fileRef = 8C9A415C1A54FE5C00C23815 /* ViewController.swift */; };
		8C9A41601A54FE5C00C23815 /* Main.storyboard in Resources */ = {isa = PBXBuildFile; fileRef = 8C9A415E1A54FE5C00C23815 /* Main.storyboard */; };
		8C9A41621A54FE5C00C23815 /* Images.xcassets in Resources */ = {isa = PBXBuildFile; fileRef = 8C9A41611A54FE5C00C23815 /* Images.xcassets */; };
		8C9A41651A54FE5C00C23815 /* LaunchScreen.xib in Resources */ = {isa = PBXBuildFile; fileRef = 8C9A41631A54FE5C00C23815 /* LaunchScreen.xib */; };
		8C9A41711A54FE5C00C23815 /* TableView2Tests.swift in Sources */ = {isa = PBXBuildFile; fileRef = 8C9A41701A54FE5C00C23815 /* TableView2Tests.swift */; };
/* End PBXBuildFile section */

/* Begin PBXContainerItemProxy section */
		8C9A416B1A54FE5C00C23815 /* PBXContainerItemProxy */ = {
			isa = PBXContainerItemProxy;
			containerPortal = 8C9A414D1A54FE5C00C23815 /* Project object */;
			proxyType = 1;
			remoteGlobalIDString = 8C9A41541A54FE5C00C23815;
			remoteInfo = TableView2;
		};
/* End PBXContainerItemProxy section */

/* Begin PBXFileReference section */
		8C9A41551A54FE5C00C23815 /* TableView2.app */ = {isa = PBXFileReference; explicitFileType = wrapper.application; includeInIndex = 0; path = TableView2.app; sourceTree = BUILT_PRODUCTS_DIR; };
		8C9A41591A54FE5C00C23815 /* Info.plist */ = {isa = PBXFileReference; lastKnownFileType = text.plist.xml; path = Info.plist; sourceTree = "<group>"; };
		8C9A415A1A54FE5C00C23815 /* AppDelegate.swift */ = {isa = PBXFileReference; lastKnownFileType = sourcecode.swift; path = AppDelegate.swift; sourceTree = "<group>"; };
		8C9A415C1A54FE5C00C23815 /* ViewController.swift */ = {isa = PBXFileReference; lastKnownFileType = sourcecode.swift; path = ViewController.swift; sourceTree = "<group>"; };
		8C9A415F1A54FE5C00C23815 /* Base */ = {isa = PBXFileReference; lastKnownFileType = file.storyboard; name = Base; path = Base.lproj/Main.storyboard; sourceTree = "<group>"; };
		8C9A41611A54FE5C00C23815 /* Images.xcassets */ = {isa = PBXFileReference; lastKnownFileType = folder.assetcatalog; path = Images.xcassets; sourceTree = "<group>"; };
		8C9A41641A54FE5C00C23815 /* Base */ = {isa = PBXFileReference; lastKnownFileType = file.xib; name = Base; path = Base.lproj/LaunchScreen.xib; sourceTree = "<group>"; };
		8C9A416A1A54FE5C00C23815 /* TableView2Tests.xctest */ = {isa = PBXFileReference; explicitFileType = wrapper.cfbundle; includeInIndex = 0; path = TableView2Tests.xctest; sourceTree = BUILT_PRODUCTS_DIR; };
		8C9A416F1A54FE5C00C23815 /* Info.plist */ = {isa = PBXFileReference; lastKnownFileType = text.plist.xml; path = Info.plist; sourceTree = "<group>"; };
		8C9A41701A54FE5C00C23815 /* TableView2Tests.swift */ = {isa = PBXFileReference; lastKnownFileType = sourcecode.swift; path = TableView2Tests.swift; sourceTree = "<group>"; };
/* End PBXFileReference section */

/* Begin PBXFrameworksBuildPhase section */
		8C9A41521A54FE5C00C23815 /* Frameworks */ = {
			isa = PBXFrameworksBuildPhase;
			buildActionMask = 2147483647;
			files = (
			);
			runOnlyForDeploymentPostprocessing = 0;
		};
		8C9A41671A54FE5C00C23815 /* Frameworks */ = {
			isa = PBXFrameworksBuildPhase;
			buildActionMask = 2147483647;
			files = (
			);
			runOnlyForDeploymentPostprocessing = 0;
		};
/* End PBXFrameworksBuildPhase section */

/* Begin PBXGroup section */
		8C9A414C1A54FE5C00C23815 = {
			isa = PBXGroup;
			children = (
				8C9A41571A54FE5C00C23815 /* TableView2 */,
				8C9A416D1A54FE5C00C23815 /* TableView2Tests */,
				8C9A41561A54FE5C00C23815 /* Products */,
			);
			sourceTree = "<group>";
		};
		8C9A41561A54FE5C00C23815 /* Products */ = {
			isa = PBXGroup;
			children = (
				8C9A41551A54FE5C00C23815 /* TableView2.app */,
				8C9A416A1A54FE5C00C23815 /* TableView2Tests.xctest */,
			);
			name = Products;
			sourceTree = "<group>";
		};
		8C9A41571A54FE5C00C23815 /* TableView2 */ = {
			isa = PBXGroup;
			children = (
				8C9A415A1A54FE5C00C23815 /* AppDelegate.swift */,
				8C9A415C1A54FE5C00C23815 /* ViewController.swift */,
				8C9A415E1A54FE5C00C23815 /* Main.storyboard */,
				8C9A41611A54FE5C00C23815 /* Images.xcassets */,
				8C9A41631A54FE5C00C23815 /* LaunchScreen.xib */,
				8C9A41581A54FE5C00C23815 /* Supporting Files */,
			);
			path = TableView2;
			sourceTree = "<group>";
		};
		8C9A41581A54FE5C00C23815 /* Supporting Files */ = {
			isa = PBXGroup;
			children = (
				8C9A41591A54FE5C00C23815 /* Info.plist */,
			);
			name = "Supporting Files";
			sourceTree = "<group>";
		};
		8C9A416D1A54FE5C00C23815 /* TableView2Tests */ = {
			isa = PBXGroup;
			children = (
				8C9A41701A54FE5C00C23815 /* TableView2Tests.swift */,
				8C9A416E1A54FE5C00C23815 /* Supporting Files */,
			);
			path = TableView2Tests;
			sourceTree = "<group>";
		};
		8C9A416E1A54FE5C00C23815 /* Supporting Files */ = {
			isa = PBXGroup;
			children = (
				8C9A416F1A54FE5C00C23815 /* Info.plist */,
			);
			name = "Supporting Files";
			sourceTree = "<group>";
		};
/* End PBXGroup section */

/* Begin PBXNativeTarget section */
		8C9A41541A54FE5C00C23815 /* TableView2 */ = {
			isa = PBXNativeTarget;
			buildConfigurationList = 8C9A41741A54FE5C00C23815 /* Build configuration list for PBXNativeTarget "TableView2" */;
			buildPhases = (
				8C9A41511A54FE5C00C23815 /* Sources */,
				8C9A41521A54FE5C00C23815 /* Frameworks */,
				8C9A41531A54FE5C00C23815 /* Resources */,
			);
			buildRules = (
			);
			dependencies = (
			);
			name = TableView2;
			productName = TableView2;
			productReference = 8C9A41551A54FE5C00C23815 /* TableView2.app */;
			productType = "com.apple.product-type.application";
		};
		8C9A41691A54FE5C00C23815 /* TableView2Tests */ = {
			isa = PBXNativeTarget;
			buildConfigurationList = 8C9A41771A54FE5C00C23815 /* Build configuration list for PBXNativeTarget "TableView2Tests" */;
			buildPhases = (
				8C9A41661A54FE5C00C23815 /* Sources */,
				8C9A41671A54FE5C00C23815 /* Frameworks */,
				8C9A41681A54FE5C00C23815 /* Resources */,
			);
			buildRules = (
			);
			dependencies = (
				8C9A416C1A54FE5C00C23815 /* PBXTargetDependency */,
			);
			name = TableView2Tests;
			productName = TableView2Tests;
			productReference = 8C9A416A1A54FE5C00C23815 /* TableView2Tests.xctest */;
			productType = "com.apple.product-type.bundle.unit-test";
		};
/* End PBXNativeTarget section */

/* Begin PBXProject section */
		8C9A414D1A54FE5C00C23815 /* Project object */ = {
			isa = PBXProject;
			attributes = {
				LastUpgradeCheck = 0610;
				ORGANIZATIONNAME = "Andy Shi";
				TargetAttributes = {
					8C9A41541A54FE5C00C23815 = {
						CreatedOnToolsVersion = 6.1.1;
					};
					8C9A41691A54FE5C00C23815 = {
						CreatedOnToolsVersion = 6.1.1;
						TestTargetID = 8C9A41541A54FE5C00C23815;
					};
				};
			};
			buildConfigurationList = 8C9A41501A54FE5C00C23815 /* Build configuration list for PBXProject "TableView2" */;
			compatibilityVersion = "Xcode 3.2";
			developmentRegion = English;
			hasScannedForEncodings = 0;
			knownRegions = (
				en,
				Base,
			);
			mainGroup = 8C9A414C1A54FE5C00C23815;
			productRefGroup = 8C9A41561A54FE5C00C23815 /* Products */;
			projectDirPath = "";
			projectRoot = "";
			targets = (
				8C9A41541A54FE5C00C23815 /* TableView2 */,
				8C9A41691A54FE5C00C23815 /* TableView2Tests */,
			);
		};
/* End PBXProject section */

/* Begin PBXResourcesBuildPhase section */
		8C9A41531A54FE5C00C23815 /* Resources */ = {
			isa = PBXResourcesBuildPhase;
			buildActionMask = 2147483647;
			files = (
				8C9A41601A54FE5C00C23815 /* Main.storyboard in Resources */,
				8C9A41651A54FE5C00C23815 /* LaunchScreen.xib in Resources */,
				8C9A41621A54FE5C00C23815 /* Images.xcassets in Resources */,
			);
			runOnlyForDeploymentPostprocessing = 0;
		};
		8C9A41681A54FE5C00C23815 /* Resources */ = {
			isa = PBXResourcesBuildPhase;
			buildActionMask = 2147483647;
			files = (
			);
			runOnlyForDeploymentPostprocessing = 0;
		};
/* End PBXResourcesBuildPhase section */

/* Begin PBXSourcesBuildPhase section */
		8C9A41511A54FE5C00C23815 /* Sources */ = {
			isa = PBXSourcesBuildPhase;
			buildActionMask = 2147483647;
			files = (
				8C9A415D1A54FE5C00C23815 /* ViewController.swift in Sources */,
				8C9A415B1A54FE5C00C23815 /* AppDelegate.swift in Sources */,
			);
			runOnlyForDeploymentPostprocessing = 0;
		};
		8C9A41661A54FE5C00C23815 /* Sources */ = {
			isa = PBXSourcesBuildPhase;
			buildActionMask = 2147483647;
			files = (
				8C9A41711A54FE5C00C23815 /* TableView2Tests.swift in Sources */,
			);
			runOnlyForDeploymentPostprocessing = 0;
		};
/* End PBXSourcesBuildPhase section */

/* Begin PBXTargetDependency section */
		8C9A416C1A54FE5C00C23815 /* PBXTargetDependency */ = {
			isa = PBXTargetDependency;
			target = 8C9A41541A54FE5C00C23815 /* TableView2 */;
			targetProxy = 8C9A416B1A54FE5C00C23815 /* PBXContainerItemProxy */;
		};
/* End PBXTargetDependency section */

/* Begin PBXVariantGroup section */
		8C9A415E1A54FE5C00C23815 /* Main.storyboard */ = {
			isa = PBXVariantGroup;
			children = (
				8C9A415F1A54FE5C00C23815 /* Base */,
			);
			name = Main.storyboard;
			sourceTree = "<group>";
		};
		8C9A41631A54FE5C00C23815 /* LaunchScreen.xib */ = {
			isa = PBXVariantGroup;
			children = (
				8C9A41641A54FE5C00C23815 /* Base */,
			);
			name = LaunchScreen.xib;
			sourceTree = "<group>";
		};
/* End PBXVariantGroup section */

/* Begin XCBuildConfiguration section */
		8C9A41721A54FE5C00C23815 /* Debug */ = {
			isa = XCBuildConfiguration;
			buildSettings = {
				ALWAYS_SEARCH_USER_PATHS = NO;
				CLANG_CXX_LANGUAGE_STANDARD = "gnu++0x";
				CLANG_CXX_LIBRARY = "libc++";
				CLANG_ENABLE_MODULES = YES;
				CLANG_ENABLE_OBJC_ARC = YES;
				CLANG_WARN_BOOL_CONVERSION = YES;
				CLANG_WARN_CONSTANT_CONVERSION = YES;
				CLANG_WARN_DIRECT_OBJC_ISA_USAGE = YES_ERROR;
				CLANG_WARN_EMPTY_BODY = YES;
				CLANG_WARN_ENUM_CONVERSION = YES;
				CLANG_WARN_INT_CONVERSION = YES;
				CLANG_WARN_OBJC_ROOT_CLASS = YES_ERROR;
				CLANG_WARN_UNREACHABLE_CODE = YES;
				CLANG_WARN__DUPLICATE_METHOD_MATCH = YES;
				"CODE_SIGN_IDENTITY[sdk=iphoneos*]" = "iPhone Developer";
				COPY_PHASE_STRIP = NO;
				ENABLE_STRICT_OBJC_MSGSEND = YES;
				GCC_C_LANGUAGE_STANDARD = gnu99;
				GCC_DYNAMIC_NO_PIC = NO;
				GCC_OPTIMIZATION_LEVEL = 0;
				GCC_PREPROCESSOR_DEFINITIONS = (
					"DEBUG=1",
					"$(inherited)",
				);
				GCC_SYMBOLS_PRIVATE_EXTERN = NO;
				GCC_WARN_64_TO_32_BIT_CONVERSION = YES;
				GCC_WARN_ABOUT_RETURN_TYPE = YES_ERROR;
				GCC_WARN_UNDECLARED_SELECTOR = YES;
				GCC_WARN_UNINITIALIZED_AUTOS = YES_AGGRESSIVE;
				GCC_WARN_UNUSED_FUNCTION = YES;
				GCC_WARN_UNUSED_VARIABLE = YES;
				IPHONEOS_DEPLOYMENT_TARGET = 8.1;
				MTL_ENABLE_DEBUG_INFO = YES;
				ONLY_ACTIVE_ARCH = YES;
				SDKROOT = iphoneos;
				SWIFT_OPTIMIZATION_LEVEL = "-Onone";
			};
			name = Debug;
		};
		8C9A41731A54FE5C00C23815 /* Release */ = {
			isa = XCBuildConfiguration;
			buildSettings = {
				ALWAYS_SEARCH_USER_PATHS = NO;
				CLANG_CXX_LANGUAGE_STANDARD = "gnu++0x";
				CLANG_CXX_LIBRARY = "libc++";
				CLANG_ENABLE_MODULES = YES;
				CLANG_ENABLE_OBJC_ARC = YES;
				CLANG_WARN_BOOL_CONVERSION = YES;
				CLANG_WARN_CONSTANT_CONVERSION = YES;
				CLANG_WARN_DIRECT_OBJC_ISA_USAGE = YES_ERROR;
				CLANG_WARN_EMPTY_BODY = YES;
				CLANG_WARN_ENUM_CONVERSION = YES;
				CLANG_WARN_INT_CONVERSION = YES;
				CLANG_WARN_OBJC_ROOT_CLASS = YES_ERROR;
				CLANG_WARN_UNREACHABLE_CODE = YES;
				CLANG_WARN__DUPLICATE_METHOD_MATCH = YES;
				"CODE_SIGN_IDENTITY[sdk=iphoneos*]" = "iPhone Developer";
				COPY_PHASE_STRIP = YES;
				ENABLE_NS_ASSERTIONS = NO;
				ENABLE_STRICT_OBJC_MSGSEND = YES;
				GCC_C_LANGUAGE_STANDARD = gnu99;
				GCC_WARN_64_TO_32_BIT_CONVERSION = YES;
				GCC_WARN_ABOUT_RETURN_TYPE = YES_ERROR;
				GCC_WARN_UNDECLARED_SELECTOR = YES;
				GCC_WARN_UNINITIALIZED_AUTOS = YES_AGGRESSIVE;
				GCC_WARN_UNUSED_FUNCTION = YES;
				GCC_WARN_UNUSED_VARIABLE = YES;
				IPHONEOS_DEPLOYMENT_TARGET = 8.1;
				MTL_ENABLE_DEBUG_INFO = NO;
				SDKROOT = iphoneos;
				VALIDATE_PRODUCT = YES;
			};
			name = Release;
		};
		8C9A41751A54FE5C00C23815 /* Debug */ = {
			isa = XCBuildConfiguration;
			buildSettings = {
				ASSETCATALOG_COMPILER_APPICON_NAME = AppIcon;
				INFOPLIST_FILE = TableView2/Info.plist;
				IPHONEOS_DEPLOYMENT_TARGET = 8.1;
				LD_RUNPATH_SEARCH_PATHS = "$(inherited) @executable_path/Frameworks";
				PRODUCT_NAME = "$(TARGET_NAME)";
				TARGETED_DEVICE_FAMILY = 1;
			};
			name = Debug;
		};
		8C9A41761A54FE5C00C23815 /* Release */ = {
			isa = XCBuildConfiguration;
			buildSettings = {
				ASSETCATALOG_COMPILER_APPICON_NAME = AppIcon;
				INFOPLIST_FILE = TableView2/Info.plist;
				IPHONEOS_DEPLOYMENT_TARGET = 8.1;
				LD_RUNPATH_SEARCH_PATHS = "$(inherited) @executable_path/Frameworks";
				PRODUCT_NAME = "$(TARGET_NAME)";
				TARGETED_DEVICE_FAMILY = 1;
			};
			name = Release;
		};
		8C9A41781A54FE5C00C23815 /* Debug */ = {
			isa = XCBuildConfiguration;
			buildSettings = {
				BUNDLE_LOADER = "$(TEST_HOST)";
				FRAMEWORK_SEARCH_PATHS = (
					"$(SDKROOT)/Developer/Library/Frameworks",
					"$(inherited)",
				);
				GCC_PREPROCESSOR_DEFINITIONS = (
					"DEBUG=1",
					"$(inherited)",
				);
				INFOPLIST_FILE = TableView2Tests/Info.plist;
				LD_RUNPATH_SEARCH_PATHS = "$(inherited) @executable_path/Frameworks @loader_path/Frameworks";
				PRODUCT_NAME = "$(TARGET_NAME)";
				TEST_HOST = "$(BUILT_PRODUCTS_DIR)/TableView2.app/TableView2";
			};
			name = Debug;
		};
		8C9A41791A54FE5C00C23815 /* Release */ = {
			isa = XCBuildConfiguration;
			buildSettings = {
				BUNDLE_LOADER = "$(TEST_HOST)";
				FRAMEWORK_SEARCH_PATHS = (
					"$(SDKROOT)/Developer/Library/Frameworks",
					"$(inherited)",
				);
				INFOPLIST_FILE = TableView2Tests/Info.plist;
				LD_RUNPATH_SEARCH_PATHS = "$(inherited) @executable_path/Frameworks @loader_path/Frameworks";
				PRODUCT_NAME = "$(TARGET_NAME)";
				TEST_HOST = "$(BUILT_PRODUCTS_DIR)/TableView2.app/TableView2";
			};
			name = Release;
		};
/* End XCBuildConfiguration section */

/* Begin XCConfigurationList section */
		8C9A41501A54FE5C00C23815 /* Build configuration list for PBXProject "TableView2" */ = {
			isa = XCConfigurationList;
			buildConfigurations = (
				8C9A41721A54FE5C00C23815 /* Debug */,
				8C9A41731A54FE5C00C23815 /* Release */,
			);
			defaultConfigurationIsVisible = 0;
			defaultConfigurationName = Release;
		};
		8C9A41741A54FE5C00C23815 /* Build configuration list for PBXNativeTarget "TableView2" */ = {
			isa = XCConfigurationList;
			buildConfigurations = (
				8C9A41751A54FE5C00C23815 /* Debug */,
				8C9A41761A54FE5C00C23815 /* Release */,
			);
			defaultConfigurationIsVisible = 0;
			defaultConfigurationName = Release;
		};
		8C9A41771A54FE5C00C23815 /* Build configuration list for PBXNativeTarget "TableView2Tests" */ = {
			isa = XCConfigurationList;
			buildConfigurations = (
				8C9A41781A54FE5C00C23815 /* Debug */,
				8C9A41791A54FE5C00C23815 /* Release */,
			);
			defaultConfigurationIsVisible = 0;
			defaultConfigurationName = Release;
		};
/* End XCConfigurationList section */
	};
	rootObject = 8C9A414D1A54FE5C00C23815 /* Project object */;
}
