// !$*UTF8*$!
{
	archiveVersion = 1;
	classes = {
	};
	objectVersion = 46;
	objects = {

/* Begin PBXBuildFile section */
		8C1507181A5077BD00512104 /* AppDelegate.swift in Sources */ = {isa = PBXBuildFile; fileRef = 8C1507171A5077BD00512104 /* AppDelegate.swift */; };
		8C15071A1A5077BD00512104 /* ViewController.swift in Sources */ = {isa = PBXBuildFile; fileRef = 8C1507191A5077BD00512104 /* ViewController.swift */; };
		8C15071D1A5077BD00512104 /* Main.storyboard in Resources */ = {isa = PBXBuildFile; fileRef = 8C15071B1A5077BD00512104 /* Main.storyboard */; };
		8C15071F1A5077BD00512104 /* Images.xcassets in Resources */ = {isa = PBXBuildFile; fileRef = 8C15071E1A5077BD00512104 /* Images.xcassets */; };
		8C1507221A5077BD00512104 /* LaunchScreen.xib in Resources */ = {isa = PBXBuildFile; fileRef = 8C1507201A5077BD00512104 /* LaunchScreen.xib */; };
		8C15072E1A5077BD00512104 /* navBarTests.swift in Sources */ = {isa = PBXBuildFile; fileRef = 8C15072D1A5077BD00512104 /* navBarTests.swift */; };
/* End PBXBuildFile section */

/* Begin PBXContainerItemProxy section */
		8C1507281A5077BD00512104 /* PBXContainerItemProxy */ = {
			isa = PBXContainerItemProxy;
			containerPortal = 8C15070A1A5077BD00512104 /* Project object */;
			proxyType = 1;
			remoteGlobalIDString = 8C1507111A5077BD00512104;
			remoteInfo = navBar;
		};
/* End PBXContainerItemProxy section */

/* Begin PBXFileReference section */
		8C1507121A5077BD00512104 /* Stopwatch.app */ = {isa = PBXFileReference; explicitFileType = wrapper.application; includeInIndex = 0; path = Stopwatch.app; sourceTree = BUILT_PRODUCTS_DIR; };
		8C1507161A5077BD00512104 /* Info.plist */ = {isa = PBXFileReference; lastKnownFileType = text.plist.xml; path = Info.plist; sourceTree = "<group>"; };
		8C1507171A5077BD00512104 /* AppDelegate.swift */ = {isa = PBXFileReference; lastKnownFileType = sourcecode.swift; path = AppDelegate.swift; sourceTree = "<group>"; };
		8C1507191A5077BD00512104 /* ViewController.swift */ = {isa = PBXFileReference; lastKnownFileType = sourcecode.swift; path = ViewController.swift; sourceTree = "<group>"; };
		8C15071C1A5077BD00512104 /* Base */ = {isa = PBXFileReference; lastKnownFileType = file.storyboard; name = Base; path = Base.lproj/Main.storyboard; sourceTree = "<group>"; };
		8C15071E1A5077BD00512104 /* Images.xcassets */ = {isa = PBXFileReference; lastKnownFileType = folder.assetcatalog; path = Images.xcassets; sourceTree = "<group>"; };
		8C1507211A5077BD00512104 /* Base */ = {isa = PBXFileReference; lastKnownFileType = file.xib; name = Base; path = Base.lproj/LaunchScreen.xib; sourceTree = "<group>"; };
		8C1507271A5077BD00512104 /* navBarTests.xctest */ = {isa = PBXFileReference; explicitFileType = wrapper.cfbundle; includeInIndex = 0; path = navBarTests.xctest; sourceTree = BUILT_PRODUCTS_DIR; };
		8C15072C1A5077BD00512104 /* Info.plist */ = {isa = PBXFileReference; lastKnownFileType = text.plist.xml; path = Info.plist; sourceTree = "<group>"; };
		8C15072D1A5077BD00512104 /* navBarTests.swift */ = {isa = PBXFileReference; lastKnownFileType = sourcecode.swift; path = navBarTests.swift; sourceTree = "<group>"; };
/* End PBXFileReference section */

/* Begin PBXFrameworksBuildPhase section */
		8C15070F1A5077BD00512104 /* Frameworks */ = {
			isa = PBXFrameworksBuildPhase;
			buildActionMask = 2147483647;
			files = (
			);
			runOnlyForDeploymentPostprocessing = 0;
		};
		8C1507241A5077BD00512104 /* Frameworks */ = {
			isa = PBXFrameworksBuildPhase;
			buildActionMask = 2147483647;
			files = (
			);
			runOnlyForDeploymentPostprocessing = 0;
		};
/* End PBXFrameworksBuildPhase section */

/* Begin PBXGroup section */
		8C1507091A5077BD00512104 = {
			isa = PBXGroup;
			children = (
				8C1507141A5077BD00512104 /* navBar */,
				8C15072A1A5077BD00512104 /* navBarTests */,
				8C1507131A5077BD00512104 /* Products */,
			);
			sourceTree = "<group>";
		};
		8C1507131A5077BD00512104 /* Products */ = {
			isa = PBXGroup;
			children = (
				8C1507121A5077BD00512104 /* Stopwatch.app */,
				8C1507271A5077BD00512104 /* navBarTests.xctest */,
			);
			name = Products;
			sourceTree = "<group>";
		};
		8C1507141A5077BD00512104 /* navBar */ = {
			isa = PBXGroup;
			children = (
				8C1507171A5077BD00512104 /* AppDelegate.swift */,
				8C1507191A5077BD00512104 /* ViewController.swift */,
				8C15071B1A5077BD00512104 /* Main.storyboard */,
				8C15071E1A5077BD00512104 /* Images.xcassets */,
				8C1507201A5077BD00512104 /* LaunchScreen.xib */,
				8C1507151A5077BD00512104 /* Supporting Files */,
			);
			path = navBar;
			sourceTree = "<group>";
		};
		8C1507151A5077BD00512104 /* Supporting Files */ = {
			isa = PBXGroup;
			children = (
				8C1507161A5077BD00512104 /* Info.plist */,
			);
			name = "Supporting Files";
			sourceTree = "<group>";
		};
		8C15072A1A5077BD00512104 /* navBarTests */ = {
			isa = PBXGroup;
			children = (
				8C15072D1A5077BD00512104 /* navBarTests.swift */,
				8C15072B1A5077BD00512104 /* Supporting Files */,
			);
			path = navBarTests;
			sourceTree = "<group>";
		};
		8C15072B1A5077BD00512104 /* Supporting Files */ = {
			isa = PBXGroup;
			children = (
				8C15072C1A5077BD00512104 /* Info.plist */,
			);
			name = "Supporting Files";
			sourceTree = "<group>";
		};
/* End PBXGroup section */

/* Begin PBXNativeTarget section */
		8C1507111A5077BD00512104 /* navBar */ = {
			isa = PBXNativeTarget;
			buildConfigurationList = 8C1507311A5077BD00512104 /* Build configuration list for PBXNativeTarget "navBar" */;
			buildPhases = (
				8C15070E1A5077BD00512104 /* Sources */,
				8C15070F1A5077BD00512104 /* Frameworks */,
				8C1507101A5077BD00512104 /* Resources */,
			);
			buildRules = (
			);
			dependencies = (
			);
			name = navBar;
			productName = navBar;
			productReference = 8C1507121A5077BD00512104 /* Stopwatch.app */;
			productType = "com.apple.product-type.application";
		};
		8C1507261A5077BD00512104 /* StopwatchTests */ = {
			isa = PBXNativeTarget;
			buildConfigurationList = 8C1507341A5077BD00512104 /* Build configuration list for PBXNativeTarget "StopwatchTests" */;
			buildPhases = (
				8C1507231A5077BD00512104 /* Sources */,
				8C1507241A5077BD00512104 /* Frameworks */,
				8C1507251A5077BD00512104 /* Resources */,
			);
			buildRules = (
			);
			dependencies = (
				8C1507291A5077BD00512104 /* PBXTargetDependency */,
			);
			name = StopwatchTests;
			productName = navBarTests;
			productReference = 8C1507271A5077BD00512104 /* navBarTests.xctest */;
			productType = "com.apple.product-type.bundle.unit-test";
		};
/* End PBXNativeTarget section */

/* Begin PBXProject section */
		8C15070A1A5077BD00512104 /* Project object */ = {
			isa = PBXProject;
			attributes = {
				LastUpgradeCheck = 0610;
				ORGANIZATIONNAME = "Andy Shi";
				TargetAttributes = {
					8C1507111A5077BD00512104 = {
						CreatedOnToolsVersion = 6.1.1;
					};
					8C1507261A5077BD00512104 = {
						CreatedOnToolsVersion = 6.1.1;
						TestTargetID = 8C1507111A5077BD00512104;
					};
				};
			};
			buildConfigurationList = 8C15070D1A5077BD00512104 /* Build configuration list for PBXProject "Stopwatch" */;
			compatibilityVersion = "Xcode 3.2";
			developmentRegion = English;
			hasScannedForEncodings = 0;
			knownRegions = (
				en,
				Base,
			);
			mainGroup = 8C1507091A5077BD00512104;
			productRefGroup = 8C1507131A5077BD00512104 /* Products */;
			projectDirPath = "";
			projectRoot = "";
			targets = (
				8C1507111A5077BD00512104 /* navBar */,
				8C1507261A5077BD00512104 /* StopwatchTests */,
			);
		};
/* End PBXProject section */

/* Begin PBXResourcesBuildPhase section */
		8C1507101A5077BD00512104 /* Resources */ = {
			isa = PBXResourcesBuildPhase;
			buildActionMask = 2147483647;
			files = (
				8C15071D1A5077BD00512104 /* Main.storyboard in Resources */,
				8C1507221A5077BD00512104 /* LaunchScreen.xib in Resources */,
				8C15071F1A5077BD00512104 /* Images.xcassets in Resources */,
			);
			runOnlyForDeploymentPostprocessing = 0;
		};
		8C1507251A5077BD00512104 /* Resources */ = {
			isa = PBXResourcesBuildPhase;
			buildActionMask = 2147483647;
			files = (
			);
			runOnlyForDeploymentPostprocessing = 0;
		};
/* End PBXResourcesBuildPhase section */

/* Begin PBXSourcesBuildPhase section */
		8C15070E1A5077BD00512104 /* Sources */ = {
			isa = PBXSourcesBuildPhase;
			buildActionMask = 2147483647;
			files = (
				8C15071A1A5077BD00512104 /* ViewController.swift in Sources */,
				8C1507181A5077BD00512104 /* AppDelegate.swift in Sources */,
			);
			runOnlyForDeploymentPostprocessing = 0;
		};
		8C1507231A5077BD00512104 /* Sources */ = {
			isa = PBXSourcesBuildPhase;
			buildActionMask = 2147483647;
			files = (
				8C15072E1A5077BD00512104 /* navBarTests.swift in Sources */,
			);
			runOnlyForDeploymentPostprocessing = 0;
		};
/* End PBXSourcesBuildPhase section */

/* Begin PBXTargetDependency section */
		8C1507291A5077BD00512104 /* PBXTargetDependency */ = {
			isa = PBXTargetDependency;
			target = 8C1507111A5077BD00512104 /* navBar */;
			targetProxy = 8C1507281A5077BD00512104 /* PBXContainerItemProxy */;
		};
/* End PBXTargetDependency section */

/* Begin PBXVariantGroup section */
		8C15071B1A5077BD00512104 /* Main.storyboard */ = {
			isa = PBXVariantGroup;
			children = (
				8C15071C1A5077BD00512104 /* Base */,
			);
			name = Main.storyboard;
			sourceTree = "<group>";
		};
		8C1507201A5077BD00512104 /* LaunchScreen.xib */ = {
			isa = PBXVariantGroup;
			children = (
				8C1507211A5077BD00512104 /* Base */,
			);
			name = LaunchScreen.xib;
			sourceTree = "<group>";
		};
/* End PBXVariantGroup section */

/* Begin XCBuildConfiguration section */
		8C15072F1A5077BD00512104 /* Debug */ = {
			isa = XCBuildConfiguration;
			buildSettings = {
				ALWAYS_SEARCH_USER_PATHS = NO;
				CLANG_CXX_LANGUAGE_STANDARD = "gnu++0x";
				CLANG_CXX_LIBRARY = "libc++";
				CLANG_ENABLE_MODULES = YES;
				CLANG_ENABLE_OBJC_ARC = YES;
				CLANG_WARN_BOOL_CONVERSION = YES;
				CLANG_WARN_CONSTANT_CONVERSION = YES;
				CLANG_WARN_DIRECT_OBJC_ISA_USAGE = YES_ERROR;
				CLANG_WARN_EMPTY_BODY = YES;
				CLANG_WARN_ENUM_CONVERSION = YES;
				CLANG_WARN_INT_CONVERSION = YES;
				CLANG_WARN_OBJC_ROOT_CLASS = YES_ERROR;
				CLANG_WARN_UNREACHABLE_CODE = YES;
				CLANG_WARN__DUPLICATE_METHOD_MATCH = YES;
				"CODE_SIGN_IDENTITY[sdk=iphoneos*]" = "iPhone Developer";
				COPY_PHASE_STRIP = NO;
				ENABLE_STRICT_OBJC_MSGSEND = YES;
				GCC_C_LANGUAGE_STANDARD = gnu99;
				GCC_DYNAMIC_NO_PIC = NO;
				GCC_OPTIMIZATION_LEVEL = 0;
				GCC_PREPROCESSOR_DEFINITIONS = (
					"DEBUG=1",
					"$(inherited)",
				);
				GCC_SYMBOLS_PRIVATE_EXTERN = NO;
				GCC_WARN_64_TO_32_BIT_CONVERSION = YES;
				GCC_WARN_ABOUT_RETURN_TYPE = YES_ERROR;
				GCC_WARN_UNDECLARED_SELECTOR = YES;
				GCC_WARN_UNINITIALIZED_AUTOS = YES_AGGRESSIVE;
				GCC_WARN_UNUSED_FUNCTION = YES;
				GCC_WARN_UNUSED_VARIABLE = YES;
				IPHONEOS_DEPLOYMENT_TARGET = 8.1;
				MTL_ENABLE_DEBUG_INFO = YES;
				ONLY_ACTIVE_ARCH = YES;
				SDKROOT = iphoneos;
				SWIFT_OPTIMIZATION_LEVEL = "-Onone";
			};
			name = Debug;
		};
		8C1507301A5077BD00512104 /* Release */ = {
			isa = XCBuildConfiguration;
			buildSettings = {
				ALWAYS_SEARCH_USER_PATHS = NO;
				CLANG_CXX_LANGUAGE_STANDARD = "gnu++0x";
				CLANG_CXX_LIBRARY = "libc++";
				CLANG_ENABLE_MODULES = YES;
				CLANG_ENABLE_OBJC_ARC = YES;
				CLANG_WARN_BOOL_CONVERSION = YES;
				CLANG_WARN_CONSTANT_CONVERSION = YES;
				CLANG_WARN_DIRECT_OBJC_ISA_USAGE = YES_ERROR;
				CLANG_WARN_EMPTY_BODY = YES;
				CLANG_WARN_ENUM_CONVERSION = YES;
				CLANG_WARN_INT_CONVERSION = YES;
				CLANG_WARN_OBJC_ROOT_CLASS = YES_ERROR;
				CLANG_WARN_UNREACHABLE_CODE = YES;
				CLANG_WARN__DUPLICATE_METHOD_MATCH = YES;
				"CODE_SIGN_IDENTITY[sdk=iphoneos*]" = "iPhone Developer";
				COPY_PHASE_STRIP = YES;
				ENABLE_NS_ASSERTIONS = NO;
				ENABLE_STRICT_OBJC_MSGSEND = YES;
				GCC_C_LANGUAGE_STANDARD = gnu99;
				GCC_WARN_64_TO_32_BIT_CONVERSION = YES;
				GCC_WARN_ABOUT_RETURN_TYPE = YES_ERROR;
				GCC_WARN_UNDECLARED_SELECTOR = YES;
				GCC_WARN_UNINITIALIZED_AUTOS = YES_AGGRESSIVE;
				GCC_WARN_UNUSED_FUNCTION = YES;
				GCC_WARN_UNUSED_VARIABLE = YES;
				IPHONEOS_DEPLOYMENT_TARGET = 8.1;
				MTL_ENABLE_DEBUG_INFO = NO;
				SDKROOT = iphoneos;
				VALIDATE_PRODUCT = YES;
			};
			name = Release;
		};
		8C1507321A5077BD00512104 /* Debug */ = {
			isa = XCBuildConfiguration;
			buildSettings = {
				ASSETCATALOG_COMPILER_APPICON_NAME = AppIcon;
				INFOPLIST_FILE = navBar/Info.plist;
				LD_RUNPATH_SEARCH_PATHS = "$(inherited) @executable_path/Frameworks";
				PRODUCT_NAME = Stopwatch;
			};
			name = Debug;
		};
		8C1507331A5077BD00512104 /* Release */ = {
			isa = XCBuildConfiguration;
			buildSettings = {
				ASSETCATALOG_COMPILER_APPICON_NAME = AppIcon;
				INFOPLIST_FILE = navBar/Info.plist;
				LD_RUNPATH_SEARCH_PATHS = "$(inherited) @executable_path/Frameworks";
				PRODUCT_NAME = Stopwatch;
			};
			name = Release;
		};
		8C1507351A5077BD00512104 /* Debug */ = {
			isa = XCBuildConfiguration;
			buildSettings = {
				BUNDLE_LOADER = "$(TEST_HOST)";
				FRAMEWORK_SEARCH_PATHS = (
					"$(SDKROOT)/Developer/Library/Frameworks",
					"$(inherited)",
				);
				GCC_PREPROCESSOR_DEFINITIONS = (
					"DEBUG=1",
					"$(inherited)",
				);
				INFOPLIST_FILE = navBarTests/Info.plist;
				LD_RUNPATH_SEARCH_PATHS = "$(inherited) @executable_path/Frameworks @loader_path/Frameworks";
				PRODUCT_NAME = navBarTests;
				TEST_HOST = "$(BUILT_PRODUCTS_DIR)/navBar.app/navBar";
			};
			name = Debug;
		};
		8C1507361A5077BD00512104 /* Release */ = {
			isa = XCBuildConfiguration;
			buildSettings = {
				BUNDLE_LOADER = "$(TEST_HOST)";
				FRAMEWORK_SEARCH_PATHS = (
					"$(SDKROOT)/Developer/Library/Frameworks",
					"$(inherited)",
				);
				INFOPLIST_FILE = navBarTests/Info.plist;
				LD_RUNPATH_SEARCH_PATHS = "$(inherited) @executable_path/Frameworks @loader_path/Frameworks";
				PRODUCT_NAME = navBarTests;
				TEST_HOST = "$(BUILT_PRODUCTS_DIR)/navBar.app/navBar";
			};
			name = Release;
		};
/* End XCBuildConfiguration section */

/* Begin XCConfigurationList section */
		8C15070D1A5077BD00512104 /* Build configuration list for PBXProject "Stopwatch" */ = {
			isa = XCConfigurationList;
			buildConfigurations = (
				8C15072F1A5077BD00512104 /* Debug */,
				8C1507301A5077BD00512104 /* Release */,
			);
			defaultConfigurationIsVisible = 0;
			defaultConfigurationName = Release;
		};
		8C1507311A5077BD00512104 /* Build configuration list for PBXNativeTarget "navBar" */ = {
			isa = XCConfigurationList;
			buildConfigurations = (
				8C1507321A5077BD00512104 /* Debug */,
				8C1507331A5077BD00512104 /* Release */,
			);
			defaultConfigurationIsVisible = 0;
			defaultConfigurationName = Release;
		};
		8C1507341A5077BD00512104 /* Build configuration list for PBXNativeTarget "StopwatchTests" */ = {
			isa = XCConfigurationList;
			buildConfigurations = (
				8C1507351A5077BD00512104 /* Debug */,
				8C1507361A5077BD00512104 /* Release */,
			);
			defaultConfigurationIsVisible = 0;
			defaultConfigurationName = Release;
		};
/* End XCConfigurationList section */
	};
	rootObject = 8C15070A1A5077BD00512104 /* Project object */;
}
