// !$*UTF8*$!
{
	archiveVersion = 1;
	classes = {
	};
	objectVersion = 46;
	objects = {

/* Begin PBXBuildFile section */
		8CA6B8491A55C2E7007D3F0C /* AppDelegate.swift in Sources */ = {isa = PBXBuildFile; fileRef = 8CA6B8481A55C2E7007D3F0C /* AppDelegate.swift */; };
		8CA6B84B1A55C2E7007D3F0C /* ViewController.swift in Sources */ = {isa = PBXBuildFile; fileRef = 8CA6B84A1A55C2E7007D3F0C /* ViewController.swift */; };
		8CA6B84E1A55C2E7007D3F0C /* Main.storyboard in Resources */ = {isa = PBXBuildFile; fileRef = 8CA6B84C1A55C2E7007D3F0C /* Main.storyboard */; };
		8CA6B8501A55C2E7007D3F0C /* Images.xcassets in Resources */ = {isa = PBXBuildFile; fileRef = 8CA6B84F1A55C2E7007D3F0C /* Images.xcassets */; };
		8CA6B8531A55C2E7007D3F0C /* LaunchScreen.xib in Resources */ = {isa = PBXBuildFile; fileRef = 8CA6B8511A55C2E7007D3F0C /* LaunchScreen.xib */; };
		8CA6B85F1A55C2E7007D3F0C /* KeyboardTests.swift in Sources */ = {isa = PBXBuildFile; fileRef = 8CA6B85E1A55C2E7007D3F0C /* KeyboardTests.swift */; };
/* End PBXBuildFile section */

/* Begin PBXContainerItemProxy section */
		8CA6B8591A55C2E7007D3F0C /* PBXContainerItemProxy */ = {
			isa = PBXContainerItemProxy;
			containerPortal = 8CA6B83B1A55C2E7007D3F0C /* Project object */;
			proxyType = 1;
			remoteGlobalIDString = 8CA6B8421A55C2E7007D3F0C;
			remoteInfo = Keyboard;
		};
/* End PBXContainerItemProxy section */

/* Begin PBXFileReference section */
		8CA6B8431A55C2E7007D3F0C /* Keyboard.app */ = {isa = PBXFileReference; explicitFileType = wrapper.application; includeInIndex = 0; path = Keyboard.app; sourceTree = BUILT_PRODUCTS_DIR; };
		8CA6B8471A55C2E7007D3F0C /* Info.plist */ = {isa = PBXFileReference; lastKnownFileType = text.plist.xml; path = Info.plist; sourceTree = "<group>"; };
		8CA6B8481A55C2E7007D3F0C /* AppDelegate.swift */ = {isa = PBXFileReference; lastKnownFileType = sourcecode.swift; path = AppDelegate.swift; sourceTree = "<group>"; };
		8CA6B84A1A55C2E7007D3F0C /* ViewController.swift */ = {isa = PBXFileReference; lastKnownFileType = sourcecode.swift; path = ViewController.swift; sourceTree = "<group>"; };
		8CA6B84D1A55C2E7007D3F0C /* Base */ = {isa = PBXFileReference; lastKnownFileType = file.storyboard; name = Base; path = Base.lproj/Main.storyboard; sourceTree = "<group>"; };
		8CA6B84F1A55C2E7007D3F0C /* Images.xcassets */ = {isa = PBXFileReference; lastKnownFileType = folder.assetcatalog; path = Images.xcassets; sourceTree = "<group>"; };
		8CA6B8521A55C2E7007D3F0C /* Base */ = {isa = PBXFileReference; lastKnownFileType = file.xib; name = Base; path = Base.lproj/LaunchScreen.xib; sourceTree = "<group>"; };
		8CA6B8581A55C2E7007D3F0C /* KeyboardTests.xctest */ = {isa = PBXFileReference; explicitFileType = wrapper.cfbundle; includeInIndex = 0; path = KeyboardTests.xctest; sourceTree = BUILT_PRODUCTS_DIR; };
		8CA6B85D1A55C2E7007D3F0C /* Info.plist */ = {isa = PBXFileReference; lastKnownFileType = text.plist.xml; path = Info.plist; sourceTree = "<group>"; };
		8CA6B85E1A55C2E7007D3F0C /* KeyboardTests.swift */ = {isa = PBXFileReference; lastKnownFileType = sourcecode.swift; path = KeyboardTests.swift; sourceTree = "<group>"; };
/* End PBXFileReference section */

/* Begin PBXFrameworksBuildPhase section */
		8CA6B8401A55C2E7007D3F0C /* Frameworks */ = {
			isa = PBXFrameworksBuildPhase;
			buildActionMask = 2147483647;
			files = (
			);
			runOnlyForDeploymentPostprocessing = 0;
		};
		8CA6B8551A55C2E7007D3F0C /* Frameworks */ = {
			isa = PBXFrameworksBuildPhase;
			buildActionMask = 2147483647;
			files = (
			);
			runOnlyForDeploymentPostprocessing = 0;
		};
/* End PBXFrameworksBuildPhase section */

/* Begin PBXGroup section */
		8CA6B83A1A55C2E7007D3F0C = {
			isa = PBXGroup;
			children = (
				8CA6B8451A55C2E7007D3F0C /* Keyboard */,
				8CA6B85B1A55C2E7007D3F0C /* KeyboardTests */,
				8CA6B8441A55C2E7007D3F0C /* Products */,
			);
			sourceTree = "<group>";
		};
		8CA6B8441A55C2E7007D3F0C /* Products */ = {
			isa = PBXGroup;
			children = (
				8CA6B8431A55C2E7007D3F0C /* Keyboard.app */,
				8CA6B8581A55C2E7007D3F0C /* KeyboardTests.xctest */,
			);
			name = Products;
			sourceTree = "<group>";
		};
		8CA6B8451A55C2E7007D3F0C /* Keyboard */ = {
			isa = PBXGroup;
			children = (
				8CA6B8481A55C2E7007D3F0C /* AppDelegate.swift */,
				8CA6B84A1A55C2E7007D3F0C /* ViewController.swift */,
				8CA6B84C1A55C2E7007D3F0C /* Main.storyboard */,
				8CA6B84F1A55C2E7007D3F0C /* Images.xcassets */,
				8CA6B8511A55C2E7007D3F0C /* LaunchScreen.xib */,
				8CA6B8461A55C2E7007D3F0C /* Supporting Files */,
			);
			path = Keyboard;
			sourceTree = "<group>";
		};
		8CA6B8461A55C2E7007D3F0C /* Supporting Files */ = {
			isa = PBXGroup;
			children = (
				8CA6B8471A55C2E7007D3F0C /* Info.plist */,
			);
			name = "Supporting Files";
			sourceTree = "<group>";
		};
		8CA6B85B1A55C2E7007D3F0C /* KeyboardTests */ = {
			isa = PBXGroup;
			children = (
				8CA6B85E1A55C2E7007D3F0C /* KeyboardTests.swift */,
				8CA6B85C1A55C2E7007D3F0C /* Supporting Files */,
			);
			path = KeyboardTests;
			sourceTree = "<group>";
		};
		8CA6B85C1A55C2E7007D3F0C /* Supporting Files */ = {
			isa = PBXGroup;
			children = (
				8CA6B85D1A55C2E7007D3F0C /* Info.plist */,
			);
			name = "Supporting Files";
			sourceTree = "<group>";
		};
/* End PBXGroup section */

/* Begin PBXNativeTarget section */
		8CA6B8421A55C2E7007D3F0C /* Keyboard */ = {
			isa = PBXNativeTarget;
			buildConfigurationList = 8CA6B8621A55C2E7007D3F0C /* Build configuration list for PBXNativeTarget "Keyboard" */;
			buildPhases = (
				8CA6B83F1A55C2E7007D3F0C /* Sources */,
				8CA6B8401A55C2E7007D3F0C /* Frameworks */,
				8CA6B8411A55C2E7007D3F0C /* Resources */,
			);
			buildRules = (
			);
			dependencies = (
			);
			name = Keyboard;
			productName = Keyboard;
			productReference = 8CA6B8431A55C2E7007D3F0C /* Keyboard.app */;
			productType = "com.apple.product-type.application";
		};
		8CA6B8571A55C2E7007D3F0C /* KeyboardTests */ = {
			isa = PBXNativeTarget;
			buildConfigurationList = 8CA6B8651A55C2E7007D3F0C /* Build configuration list for PBXNativeTarget "KeyboardTests" */;
			buildPhases = (
				8CA6B8541A55C2E7007D3F0C /* Sources */,
				8CA6B8551A55C2E7007D3F0C /* Frameworks */,
				8CA6B8561A55C2E7007D3F0C /* Resources */,
			);
			buildRules = (
			);
			dependencies = (
				8CA6B85A1A55C2E7007D3F0C /* PBXTargetDependency */,
			);
			name = KeyboardTests;
			productName = KeyboardTests;
			productReference = 8CA6B8581A55C2E7007D3F0C /* KeyboardTests.xctest */;
			productType = "com.apple.product-type.bundle.unit-test";
		};
/* End PBXNativeTarget section */

/* Begin PBXProject section */
		8CA6B83B1A55C2E7007D3F0C /* Project object */ = {
			isa = PBXProject;
			attributes = {
				LastUpgradeCheck = 0610;
				ORGANIZATIONNAME = "Andy Shi";
				TargetAttributes = {
					8CA6B8421A55C2E7007D3F0C = {
						CreatedOnToolsVersion = 6.1.1;
					};
					8CA6B8571A55C2E7007D3F0C = {
						CreatedOnToolsVersion = 6.1.1;
						TestTargetID = 8CA6B8421A55C2E7007D3F0C;
					};
				};
			};
			buildConfigurationList = 8CA6B83E1A55C2E7007D3F0C /* Build configuration list for PBXProject "Keyboard" */;
			compatibilityVersion = "Xcode 3.2";
			developmentRegion = English;
			hasScannedForEncodings = 0;
			knownRegions = (
				en,
				Base,
			);
			mainGroup = 8CA6B83A1A55C2E7007D3F0C;
			productRefGroup = 8CA6B8441A55C2E7007D3F0C /* Products */;
			projectDirPath = "";
			projectRoot = "";
			targets = (
				8CA6B8421A55C2E7007D3F0C /* Keyboard */,
				8CA6B8571A55C2E7007D3F0C /* KeyboardTests */,
			);
		};
/* End PBXProject section */

/* Begin PBXResourcesBuildPhase section */
		8CA6B8411A55C2E7007D3F0C /* Resources */ = {
			isa = PBXResourcesBuildPhase;
			buildActionMask = 2147483647;
			files = (
				8CA6B84E1A55C2E7007D3F0C /* Main.storyboard in Resources */,
				8CA6B8531A55C2E7007D3F0C /* LaunchScreen.xib in Resources */,
				8CA6B8501A55C2E7007D3F0C /* Images.xcassets in Resources */,
			);
			runOnlyForDeploymentPostprocessing = 0;
		};
		8CA6B8561A55C2E7007D3F0C /* Resources */ = {
			isa = PBXResourcesBuildPhase;
			buildActionMask = 2147483647;
			files = (
			);
			runOnlyForDeploymentPostprocessing = 0;
		};
/* End PBXResourcesBuildPhase section */

/* Begin PBXSourcesBuildPhase section */
		8CA6B83F1A55C2E7007D3F0C /* Sources */ = {
			isa = PBXSourcesBuildPhase;
			buildActionMask = 2147483647;
			files = (
				8CA6B84B1A55C2E7007D3F0C /* ViewController.swift in Sources */,
				8CA6B8491A55C2E7007D3F0C /* AppDelegate.swift in Sources */,
			);
			runOnlyForDeploymentPostprocessing = 0;
		};
		8CA6B8541A55C2E7007D3F0C /* Sources */ = {
			isa = PBXSourcesBuildPhase;
			buildActionMask = 2147483647;
			files = (
				8CA6B85F1A55C2E7007D3F0C /* KeyboardTests.swift in Sources */,
			);
			runOnlyForDeploymentPostprocessing = 0;
		};
/* End PBXSourcesBuildPhase section */

/* Begin PBXTargetDependency section */
		8CA6B85A1A55C2E7007D3F0C /* PBXTargetDependency */ = {
			isa = PBXTargetDependency;
			target = 8CA6B8421A55C2E7007D3F0C /* Keyboard */;
			targetProxy = 8CA6B8591A55C2E7007D3F0C /* PBXContainerItemProxy */;
		};
/* End PBXTargetDependency section */

/* Begin PBXVariantGroup section */
		8CA6B84C1A55C2E7007D3F0C /* Main.storyboard */ = {
			isa = PBXVariantGroup;
			children = (
				8CA6B84D1A55C2E7007D3F0C /* Base */,
			);
			name = Main.storyboard;
			sourceTree = "<group>";
		};
		8CA6B8511A55C2E7007D3F0C /* LaunchScreen.xib */ = {
			isa = PBXVariantGroup;
			children = (
				8CA6B8521A55C2E7007D3F0C /* Base */,
			);
			name = LaunchScreen.xib;
			sourceTree = "<group>";
		};
/* End PBXVariantGroup section */

/* Begin XCBuildConfiguration section */
		8CA6B8601A55C2E7007D3F0C /* Debug */ = {
			isa = XCBuildConfiguration;
			buildSettings = {
				ALWAYS_SEARCH_USER_PATHS = NO;
				CLANG_CXX_LANGUAGE_STANDARD = "gnu++0x";
				CLANG_CXX_LIBRARY = "libc++";
				CLANG_ENABLE_MODULES = YES;
				CLANG_ENABLE_OBJC_ARC = YES;
				CLANG_WARN_BOOL_CONVERSION = YES;
				CLANG_WARN_CONSTANT_CONVERSION = YES;
				CLANG_WARN_DIRECT_OBJC_ISA_USAGE = YES_ERROR;
				CLANG_WARN_EMPTY_BODY = YES;
				CLANG_WARN_ENUM_CONVERSION = YES;
				CLANG_WARN_INT_CONVERSION = YES;
				CLANG_WARN_OBJC_ROOT_CLASS = YES_ERROR;
				CLANG_WARN_UNREACHABLE_CODE = YES;
				CLANG_WARN__DUPLICATE_METHOD_MATCH = YES;
				"CODE_SIGN_IDENTITY[sdk=iphoneos*]" = "iPhone Developer";
				COPY_PHASE_STRIP = NO;
				ENABLE_STRICT_OBJC_MSGSEND = YES;
				GCC_C_LANGUAGE_STANDARD = gnu99;
				GCC_DYNAMIC_NO_PIC = NO;
				GCC_OPTIMIZATION_LEVEL = 0;
				GCC_PREPROCESSOR_DEFINITIONS = (
					"DEBUG=1",
					"$(inherited)",
				);
				GCC_SYMBOLS_PRIVATE_EXTERN = NO;
				GCC_WARN_64_TO_32_BIT_CONVERSION = YES;
				GCC_WARN_ABOUT_RETURN_TYPE = YES_ERROR;
				GCC_WARN_UNDECLARED_SELECTOR = YES;
				GCC_WARN_UNINITIALIZED_AUTOS = YES_AGGRESSIVE;
				GCC_WARN_UNUSED_FUNCTION = YES;
				GCC_WARN_UNUSED_VARIABLE = YES;
				IPHONEOS_DEPLOYMENT_TARGET = 8.1;
				MTL_ENABLE_DEBUG_INFO = YES;
				ONLY_ACTIVE_ARCH = YES;
				SDKROOT = iphoneos;
				SWIFT_OPTIMIZATION_LEVEL = "-Onone";
				TARGETED_DEVICE_FAMILY = "1,2";
			};
			name = Debug;
		};
		8CA6B8611A55C2E7007D3F0C /* Release */ = {
			isa = XCBuildConfiguration;
			buildSettings = {
				ALWAYS_SEARCH_USER_PATHS = NO;
				CLANG_CXX_LANGUAGE_STANDARD = "gnu++0x";
				CLANG_CXX_LIBRARY = "libc++";
				CLANG_ENABLE_MODULES = YES;
				CLANG_ENABLE_OBJC_ARC = YES;
				CLANG_WARN_BOOL_CONVERSION = YES;
				CLANG_WARN_CONSTANT_CONVERSION = YES;
				CLANG_WARN_DIRECT_OBJC_ISA_USAGE = YES_ERROR;
				CLANG_WARN_EMPTY_BODY = YES;
				CLANG_WARN_ENUM_CONVERSION = YES;
				CLANG_WARN_INT_CONVERSION = YES;
				CLANG_WARN_OBJC_ROOT_CLASS = YES_ERROR;
				CLANG_WARN_UNREACHABLE_CODE = YES;
				CLANG_WARN__DUPLICATE_METHOD_MATCH = YES;
				"CODE_SIGN_IDENTITY[sdk=iphoneos*]" = "iPhone Developer";
				COPY_PHASE_STRIP = YES;
				ENABLE_NS_ASSERTIONS = NO;
				ENABLE_STRICT_OBJC_MSGSEND = YES;
				GCC_C_LANGUAGE_STANDARD = gnu99;
				GCC_WARN_64_TO_32_BIT_CONVERSION = YES;
				GCC_WARN_ABOUT_RETURN_TYPE = YES_ERROR;
				GCC_WARN_UNDECLARED_SELECTOR = YES;
				GCC_WARN_UNINITIALIZED_AUTOS = YES_AGGRESSIVE;
				GCC_WARN_UNUSED_FUNCTION = YES;
				GCC_WARN_UNUSED_VARIABLE = YES;
				IPHONEOS_DEPLOYMENT_TARGET = 8.1;
				MTL_ENABLE_DEBUG_INFO = NO;
				SDKROOT = iphoneos;
				TARGETED_DEVICE_FAMILY = "1,2";
				VALIDATE_PRODUCT = YES;
			};
			name = Release;
		};
		8CA6B8631A55C2E7007D3F0C /* Debug */ = {
			isa = XCBuildConfiguration;
			buildSettings = {
				ASSETCATALOG_COMPILER_APPICON_NAME = AppIcon;
				INFOPLIST_FILE = Keyboard/Info.plist;
				LD_RUNPATH_SEARCH_PATHS = "$(inherited) @executable_path/Frameworks";
				PRODUCT_NAME = "$(TARGET_NAME)";
			};
			name = Debug;
		};
		8CA6B8641A55C2E7007D3F0C /* Release */ = {
			isa = XCBuildConfiguration;
			buildSettings = {
				ASSETCATALOG_COMPILER_APPICON_NAME = AppIcon;
				INFOPLIST_FILE = Keyboard/Info.plist;
				LD_RUNPATH_SEARCH_PATHS = "$(inherited) @executable_path/Frameworks";
				PRODUCT_NAME = "$(TARGET_NAME)";
			};
			name = Release;
		};
		8CA6B8661A55C2E7007D3F0C /* Debug */ = {
			isa = XCBuildConfiguration;
			buildSettings = {
				BUNDLE_LOADER = "$(TEST_HOST)";
				FRAMEWORK_SEARCH_PATHS = (
					"$(SDKROOT)/Developer/Library/Frameworks",
					"$(inherited)",
				);
				GCC_PREPROCESSOR_DEFINITIONS = (
					"DEBUG=1",
					"$(inherited)",
				);
				INFOPLIST_FILE = KeyboardTests/Info.plist;
				LD_RUNPATH_SEARCH_PATHS = "$(inherited) @executable_path/Frameworks @loader_path/Frameworks";
				PRODUCT_NAME = "$(TARGET_NAME)";
				TEST_HOST = "$(BUILT_PRODUCTS_DIR)/Keyboard.app/Keyboard";
			};
			name = Debug;
		};
		8CA6B8671A55C2E7007D3F0C /* Release */ = {
			isa = XCBuildConfiguration;
			buildSettings = {
				BUNDLE_LOADER = "$(TEST_HOST)";
				FRAMEWORK_SEARCH_PATHS = (
					"$(SDKROOT)/Developer/Library/Frameworks",
					"$(inherited)",
				);
				INFOPLIST_FILE = KeyboardTests/Info.plist;
				LD_RUNPATH_SEARCH_PATHS = "$(inherited) @executable_path/Frameworks @loader_path/Frameworks";
				PRODUCT_NAME = "$(TARGET_NAME)";
				TEST_HOST = "$(BUILT_PRODUCTS_DIR)/Keyboard.app/Keyboard";
			};
			name = Release;
		};
/* End XCBuildConfiguration section */

/* Begin XCConfigurationList section */
		8CA6B83E1A55C2E7007D3F0C /* Build configuration list for PBXProject "Keyboard" */ = {
			isa = XCConfigurationList;
			buildConfigurations = (
				8CA6B8601A55C2E7007D3F0C /* Debug */,
				8CA6B8611A55C2E7007D3F0C /* Release */,
			);
			defaultConfigurationIsVisible = 0;
			defaultConfigurationName = Release;
		};
		8CA6B8621A55C2E7007D3F0C /* Build configuration list for PBXNativeTarget "Keyboard" */ = {
			isa = XCConfigurationList;
			buildConfigurations = (
				8CA6B8631A55C2E7007D3F0C /* Debug */,
				8CA6B8641A55C2E7007D3F0C /* Release */,
			);
			defaultConfigurationIsVisible = 0;
		};
		8CA6B8651A55C2E7007D3F0C /* Build configuration list for PBXNativeTarget "KeyboardTests" */ = {
			isa = XCConfigurationList;
			buildConfigurations = (
				8CA6B8661A55C2E7007D3F0C /* Debug */,
				8CA6B8671A55C2E7007D3F0C /* Release */,
			);
			defaultConfigurationIsVisible = 0;
		};
/* End XCConfigurationList section */
	};
	rootObject = 8CA6B83B1A55C2E7007D3F0C /* Project object */;
}
