// !$*UTF8*$!
{
	archiveVersion = 1;
	classes = {
	};
	objectVersion = 46;
	objects = {

/* Begin PBXBuildFile section */
		8C1506BC1A4F3CEC00512104 /* AppDelegate.swift in Sources */ = {isa = PBXBuildFile; fileRef = 8C1506BB1A4F3CEC00512104 /* AppDelegate.swift */; };
		8C1506BE1A4F3CEC00512104 /* ViewController.swift in Sources */ = {isa = PBXBuildFile; fileRef = 8C1506BD1A4F3CEC00512104 /* ViewController.swift */; };
		8C1506C11A4F3CEC00512104 /* Main.storyboard in Resources */ = {isa = PBXBuildFile; fileRef = 8C1506BF1A4F3CEC00512104 /* Main.storyboard */; };
		8C1506C31A4F3CEC00512104 /* Images.xcassets in Resources */ = {isa = PBXBuildFile; fileRef = 8C1506C21A4F3CEC00512104 /* Images.xcassets */; };
		8C1506C61A4F3CEC00512104 /* LaunchScreen.xib in Resources */ = {isa = PBXBuildFile; fileRef = 8C1506C41A4F3CEC00512104 /* LaunchScreen.xib */; };
		8C1506D21A4F3CEC00512104 /* How_ManyTests.swift in Sources */ = {isa = PBXBuildFile; fileRef = 8C1506D11A4F3CEC00512104 /* How_ManyTests.swift */; };
/* End PBXBuildFile section */

/* Begin PBXContainerItemProxy section */
		8C1506CC1A4F3CEC00512104 /* PBXContainerItemProxy */ = {
			isa = PBXContainerItemProxy;
			containerPortal = 8C1506AE1A4F3CEB00512104 /* Project object */;
			proxyType = 1;
			remoteGlobalIDString = 8C1506B51A4F3CEC00512104;
			remoteInfo = "How Many";
		};
/* End PBXContainerItemProxy section */

/* Begin PBXFileReference section */
		8C1506B61A4F3CEC00512104 /* How Many.app */ = {isa = PBXFileReference; explicitFileType = wrapper.application; includeInIndex = 0; path = "How Many.app"; sourceTree = BUILT_PRODUCTS_DIR; };
		8C1506BA1A4F3CEC00512104 /* Info.plist */ = {isa = PBXFileReference; lastKnownFileType = text.plist.xml; path = Info.plist; sourceTree = "<group>"; };
		8C1506BB1A4F3CEC00512104 /* AppDelegate.swift */ = {isa = PBXFileReference; lastKnownFileType = sourcecode.swift; path = AppDelegate.swift; sourceTree = "<group>"; };
		8C1506BD1A4F3CEC00512104 /* ViewController.swift */ = {isa = PBXFileReference; lastKnownFileType = sourcecode.swift; path = ViewController.swift; sourceTree = "<group>"; };
		8C1506C01A4F3CEC00512104 /* Base */ = {isa = PBXFileReference; lastKnownFileType = file.storyboard; name = Base; path = Base.lproj/Main.storyboard; sourceTree = "<group>"; };
		8C1506C21A4F3CEC00512104 /* Images.xcassets */ = {isa = PBXFileReference; lastKnownFileType = folder.assetcatalog; path = Images.xcassets; sourceTree = "<group>"; };
		8C1506C51A4F3CEC00512104 /* Base */ = {isa = PBXFileReference; lastKnownFileType = file.xib; name = Base; path = Base.lproj/LaunchScreen.xib; sourceTree = "<group>"; };
		8C1506CB1A4F3CEC00512104 /* How ManyTests.xctest */ = {isa = PBXFileReference; explicitFileType = wrapper.cfbundle; includeInIndex = 0; path = "How ManyTests.xctest"; sourceTree = BUILT_PRODUCTS_DIR; };
		8C1506D01A4F3CEC00512104 /* Info.plist */ = {isa = PBXFileReference; lastKnownFileType = text.plist.xml; path = Info.plist; sourceTree = "<group>"; };
		8C1506D11A4F3CEC00512104 /* How_ManyTests.swift */ = {isa = PBXFileReference; lastKnownFileType = sourcecode.swift; path = How_ManyTests.swift; sourceTree = "<group>"; };
/* End PBXFileReference section */

/* Begin PBXFrameworksBuildPhase section */
		8C1506B31A4F3CEC00512104 /* Frameworks */ = {
			isa = PBXFrameworksBuildPhase;
			buildActionMask = 2147483647;
			files = (
			);
			runOnlyForDeploymentPostprocessing = 0;
		};
		8C1506C81A4F3CEC00512104 /* Frameworks */ = {
			isa = PBXFrameworksBuildPhase;
			buildActionMask = 2147483647;
			files = (
			);
			runOnlyForDeploymentPostprocessing = 0;
		};
/* End PBXFrameworksBuildPhase section */

/* Begin PBXGroup section */
		8C1506AD1A4F3CEB00512104 = {
			isa = PBXGroup;
			children = (
				8C1506B81A4F3CEC00512104 /* How Many */,
				8C1506CE1A4F3CEC00512104 /* How ManyTests */,
				8C1506B71A4F3CEC00512104 /* Products */,
			);
			sourceTree = "<group>";
		};
		8C1506B71A4F3CEC00512104 /* Products */ = {
			isa = PBXGroup;
			children = (
				8C1506B61A4F3CEC00512104 /* How Many.app */,
				8C1506CB1A4F3CEC00512104 /* How ManyTests.xctest */,
			);
			name = Products;
			sourceTree = "<group>";
		};
		8C1506B81A4F3CEC00512104 /* How Many */ = {
			isa = PBXGroup;
			children = (
				8C1506BB1A4F3CEC00512104 /* AppDelegate.swift */,
				8C1506BD1A4F3CEC00512104 /* ViewController.swift */,
				8C1506BF1A4F3CEC00512104 /* Main.storyboard */,
				8C1506C21A4F3CEC00512104 /* Images.xcassets */,
				8C1506C41A4F3CEC00512104 /* LaunchScreen.xib */,
				8C1506B91A4F3CEC00512104 /* Supporting Files */,
			);
			path = "How Many";
			sourceTree = "<group>";
		};
		8C1506B91A4F3CEC00512104 /* Supporting Files */ = {
			isa = PBXGroup;
			children = (
				8C1506BA1A4F3CEC00512104 /* Info.plist */,
			);
			name = "Supporting Files";
			sourceTree = "<group>";
		};
		8C1506CE1A4F3CEC00512104 /* How ManyTests */ = {
			isa = PBXGroup;
			children = (
				8C1506D11A4F3CEC00512104 /* How_ManyTests.swift */,
				8C1506CF1A4F3CEC00512104 /* Supporting Files */,
			);
			path = "How ManyTests";
			sourceTree = "<group>";
		};
		8C1506CF1A4F3CEC00512104 /* Supporting Files */ = {
			isa = PBXGroup;
			children = (
				8C1506D01A4F3CEC00512104 /* Info.plist */,
			);
			name = "Supporting Files";
			sourceTree = "<group>";
		};
/* End PBXGroup section */

/* Begin PBXNativeTarget section */
		8C1506B51A4F3CEC00512104 /* How Many */ = {
			isa = PBXNativeTarget;
			buildConfigurationList = 8C1506D51A4F3CEC00512104 /* Build configuration list for PBXNativeTarget "How Many" */;
			buildPhases = (
				8C1506B21A4F3CEC00512104 /* Sources */,
				8C1506B31A4F3CEC00512104 /* Frameworks */,
				8C1506B41A4F3CEC00512104 /* Resources */,
			);
			buildRules = (
			);
			dependencies = (
			);
			name = "How Many";
			productName = "How Many";
			productReference = 8C1506B61A4F3CEC00512104 /* How Many.app */;
			productType = "com.apple.product-type.application";
		};
		8C1506CA1A4F3CEC00512104 /* How ManyTests */ = {
			isa = PBXNativeTarget;
			buildConfigurationList = 8C1506D81A4F3CEC00512104 /* Build configuration list for PBXNativeTarget "How ManyTests" */;
			buildPhases = (
				8C1506C71A4F3CEC00512104 /* Sources */,
				8C1506C81A4F3CEC00512104 /* Frameworks */,
				8C1506C91A4F3CEC00512104 /* Resources */,
			);
			buildRules = (
			);
			dependencies = (
				8C1506CD1A4F3CEC00512104 /* PBXTargetDependency */,
			);
			name = "How ManyTests";
			productName = "How ManyTests";
			productReference = 8C1506CB1A4F3CEC00512104 /* How ManyTests.xctest */;
			productType = "com.apple.product-type.bundle.unit-test";
		};
/* End PBXNativeTarget section */

/* Begin PBXProject section */
		8C1506AE1A4F3CEB00512104 /* Project object */ = {
			isa = PBXProject;
			attributes = {
				LastUpgradeCheck = 0610;
				ORGANIZATIONNAME = "Andy Shi";
				TargetAttributes = {
					8C1506B51A4F3CEC00512104 = {
						CreatedOnToolsVersion = 6.1.1;
					};
					8C1506CA1A4F3CEC00512104 = {
						CreatedOnToolsVersion = 6.1.1;
						TestTargetID = 8C1506B51A4F3CEC00512104;
					};
				};
			};
			buildConfigurationList = 8C1506B11A4F3CEB00512104 /* Build configuration list for PBXProject "How Many" */;
			compatibilityVersion = "Xcode 3.2";
			developmentRegion = English;
			hasScannedForEncodings = 0;
			knownRegions = (
				en,
				Base,
			);
			mainGroup = 8C1506AD1A4F3CEB00512104;
			productRefGroup = 8C1506B71A4F3CEC00512104 /* Products */;
			projectDirPath = "";
			projectRoot = "";
			targets = (
				8C1506B51A4F3CEC00512104 /* How Many */,
				8C1506CA1A4F3CEC00512104 /* How ManyTests */,
			);
		};
/* End PBXProject section */

/* Begin PBXResourcesBuildPhase section */
		8C1506B41A4F3CEC00512104 /* Resources */ = {
			isa = PBXResourcesBuildPhase;
			buildActionMask = 2147483647;
			files = (
				8C1506C11A4F3CEC00512104 /* Main.storyboard in Resources */,
				8C1506C61A4F3CEC00512104 /* LaunchScreen.xib in Resources */,
				8C1506C31A4F3CEC00512104 /* Images.xcassets in Resources */,
			);
			runOnlyForDeploymentPostprocessing = 0;
		};
		8C1506C91A4F3CEC00512104 /* Resources */ = {
			isa = PBXResourcesBuildPhase;
			buildActionMask = 2147483647;
			files = (
			);
			runOnlyForDeploymentPostprocessing = 0;
		};
/* End PBXResourcesBuildPhase section */

/* Begin PBXSourcesBuildPhase section */
		8C1506B21A4F3CEC00512104 /* Sources */ = {
			isa = PBXSourcesBuildPhase;
			buildActionMask = 2147483647;
			files = (
				8C1506BE1A4F3CEC00512104 /* ViewController.swift in Sources */,
				8C1506BC1A4F3CEC00512104 /* AppDelegate.swift in Sources */,
			);
			runOnlyForDeploymentPostprocessing = 0;
		};
		8C1506C71A4F3CEC00512104 /* Sources */ = {
			isa = PBXSourcesBuildPhase;
			buildActionMask = 2147483647;
			files = (
				8C1506D21A4F3CEC00512104 /* How_ManyTests.swift in Sources */,
			);
			runOnlyForDeploymentPostprocessing = 0;
		};
/* End PBXSourcesBuildPhase section */

/* Begin PBXTargetDependency section */
		8C1506CD1A4F3CEC00512104 /* PBXTargetDependency */ = {
			isa = PBXTargetDependency;
			target = 8C1506B51A4F3CEC00512104 /* How Many */;
			targetProxy = 8C1506CC1A4F3CEC00512104 /* PBXContainerItemProxy */;
		};
/* End PBXTargetDependency section */

/* Begin PBXVariantGroup section */
		8C1506BF1A4F3CEC00512104 /* Main.storyboard */ = {
			isa = PBXVariantGroup;
			children = (
				8C1506C01A4F3CEC00512104 /* Base */,
			);
			name = Main.storyboard;
			sourceTree = "<group>";
		};
		8C1506C41A4F3CEC00512104 /* LaunchScreen.xib */ = {
			isa = PBXVariantGroup;
			children = (
				8C1506C51A4F3CEC00512104 /* Base */,
			);
			name = LaunchScreen.xib;
			sourceTree = "<group>";
		};
/* End PBXVariantGroup section */

/* Begin XCBuildConfiguration section */
		8C1506D31A4F3CEC00512104 /* Debug */ = {
			isa = XCBuildConfiguration;
			buildSettings = {
				ALWAYS_SEARCH_USER_PATHS = NO;
				CLANG_CXX_LANGUAGE_STANDARD = "gnu++0x";
				CLANG_CXX_LIBRARY = "libc++";
				CLANG_ENABLE_MODULES = YES;
				CLANG_ENABLE_OBJC_ARC = YES;
				CLANG_WARN_BOOL_CONVERSION = YES;
				CLANG_WARN_CONSTANT_CONVERSION = YES;
				CLANG_WARN_DIRECT_OBJC_ISA_USAGE = YES_ERROR;
				CLANG_WARN_EMPTY_BODY = YES;
				CLANG_WARN_ENUM_CONVERSION = YES;
				CLANG_WARN_INT_CONVERSION = YES;
				CLANG_WARN_OBJC_ROOT_CLASS = YES_ERROR;
				CLANG_WARN_UNREACHABLE_CODE = YES;
				CLANG_WARN__DUPLICATE_METHOD_MATCH = YES;
				"CODE_SIGN_IDENTITY[sdk=iphoneos*]" = "iPhone Developer";
				COPY_PHASE_STRIP = NO;
				ENABLE_STRICT_OBJC_MSGSEND = YES;
				GCC_C_LANGUAGE_STANDARD = gnu99;
				GCC_DYNAMIC_NO_PIC = NO;
				GCC_OPTIMIZATION_LEVEL = 0;
				GCC_PREPROCESSOR_DEFINITIONS = (
					"DEBUG=1",
					"$(inherited)",
				);
				GCC_SYMBOLS_PRIVATE_EXTERN = NO;
				GCC_WARN_64_TO_32_BIT_CONVERSION = YES;
				GCC_WARN_ABOUT_RETURN_TYPE = YES_ERROR;
				GCC_WARN_UNDECLARED_SELECTOR = YES;
				GCC_WARN_UNINITIALIZED_AUTOS = YES_AGGRESSIVE;
				GCC_WARN_UNUSED_FUNCTION = YES;
				GCC_WARN_UNUSED_VARIABLE = YES;
				IPHONEOS_DEPLOYMENT_TARGET = 8.1;
				MTL_ENABLE_DEBUG_INFO = YES;
				ONLY_ACTIVE_ARCH = YES;
				SDKROOT = iphoneos;
				SWIFT_OPTIMIZATION_LEVEL = "-Onone";
			};
			name = Debug;
		};
		8C1506D41A4F3CEC00512104 /* Release */ = {
			isa = XCBuildConfiguration;
			buildSettings = {
				ALWAYS_SEARCH_USER_PATHS = NO;
				CLANG_CXX_LANGUAGE_STANDARD = "gnu++0x";
				CLANG_CXX_LIBRARY = "libc++";
				CLANG_ENABLE_MODULES = YES;
				CLANG_ENABLE_OBJC_ARC = YES;
				CLANG_WARN_BOOL_CONVERSION = YES;
				CLANG_WARN_CONSTANT_CONVERSION = YES;
				CLANG_WARN_DIRECT_OBJC_ISA_USAGE = YES_ERROR;
				CLANG_WARN_EMPTY_BODY = YES;
				CLANG_WARN_ENUM_CONVERSION = YES;
				CLANG_WARN_INT_CONVERSION = YES;
				CLANG_WARN_OBJC_ROOT_CLASS = YES_ERROR;
				CLANG_WARN_UNREACHABLE_CODE = YES;
				CLANG_WARN__DUPLICATE_METHOD_MATCH = YES;
				"CODE_SIGN_IDENTITY[sdk=iphoneos*]" = "iPhone Developer";
				COPY_PHASE_STRIP = YES;
				ENABLE_NS_ASSERTIONS = NO;
				ENABLE_STRICT_OBJC_MSGSEND = YES;
				GCC_C_LANGUAGE_STANDARD = gnu99;
				GCC_WARN_64_TO_32_BIT_CONVERSION = YES;
				GCC_WARN_ABOUT_RETURN_TYPE = YES_ERROR;
				GCC_WARN_UNDECLARED_SELECTOR = YES;
				GCC_WARN_UNINITIALIZED_AUTOS = YES_AGGRESSIVE;
				GCC_WARN_UNUSED_FUNCTION = YES;
				GCC_WARN_UNUSED_VARIABLE = YES;
				IPHONEOS_DEPLOYMENT_TARGET = 8.1;
				MTL_ENABLE_DEBUG_INFO = NO;
				SDKROOT = iphoneos;
				VALIDATE_PRODUCT = YES;
			};
			name = Release;
		};
		8C1506D61A4F3CEC00512104 /* Debug */ = {
			isa = XCBuildConfiguration;
			buildSettings = {
				ASSETCATALOG_COMPILER_APPICON_NAME = AppIcon;
				INFOPLIST_FILE = "How Many/Info.plist";
				LD_RUNPATH_SEARCH_PATHS = "$(inherited) @executable_path/Frameworks";
				PRODUCT_NAME = "$(TARGET_NAME)";
			};
			name = Debug;
		};
		8C1506D71A4F3CEC00512104 /* Release */ = {
			isa = XCBuildConfiguration;
			buildSettings = {
				ASSETCATALOG_COMPILER_APPICON_NAME = AppIcon;
				INFOPLIST_FILE = "How Many/Info.plist";
				LD_RUNPATH_SEARCH_PATHS = "$(inherited) @executable_path/Frameworks";
				PRODUCT_NAME = "$(TARGET_NAME)";
			};
			name = Release;
		};
		8C1506D91A4F3CEC00512104 /* Debug */ = {
			isa = XCBuildConfiguration;
			buildSettings = {
				BUNDLE_LOADER = "$(TEST_HOST)";
				FRAMEWORK_SEARCH_PATHS = (
					"$(SDKROOT)/Developer/Library/Frameworks",
					"$(inherited)",
				);
				GCC_PREPROCESSOR_DEFINITIONS = (
					"DEBUG=1",
					"$(inherited)",
				);
				INFOPLIST_FILE = "How ManyTests/Info.plist";
				LD_RUNPATH_SEARCH_PATHS = "$(inherited) @executable_path/Frameworks @loader_path/Frameworks";
				PRODUCT_NAME = "$(TARGET_NAME)";
				TEST_HOST = "$(BUILT_PRODUCTS_DIR)/How Many.app/How Many";
			};
			name = Debug;
		};
		8C1506DA1A4F3CEC00512104 /* Release */ = {
			isa = XCBuildConfiguration;
			buildSettings = {
				BUNDLE_LOADER = "$(TEST_HOST)";
				FRAMEWORK_SEARCH_PATHS = (
					"$(SDKROOT)/Developer/Library/Frameworks",
					"$(inherited)",
				);
				INFOPLIST_FILE = "How ManyTests/Info.plist";
				LD_RUNPATH_SEARCH_PATHS = "$(inherited) @executable_path/Frameworks @loader_path/Frameworks";
				PRODUCT_NAME = "$(TARGET_NAME)";
				TEST_HOST = "$(BUILT_PRODUCTS_DIR)/How Many.app/How Many";
			};
			name = Release;
		};
/* End XCBuildConfiguration section */

/* Begin XCConfigurationList section */
		8C1506B11A4F3CEB00512104 /* Build configuration list for PBXProject "How Many" */ = {
			isa = XCConfigurationList;
			buildConfigurations = (
				8C1506D31A4F3CEC00512104 /* Debug */,
				8C1506D41A4F3CEC00512104 /* Release */,
			);
			defaultConfigurationIsVisible = 0;
			defaultConfigurationName = Release;
		};
		8C1506D51A4F3CEC00512104 /* Build configuration list for PBXNativeTarget "How Many" */ = {
			isa = XCConfigurationList;
			buildConfigurations = (
				8C1506D61A4F3CEC00512104 /* Debug */,
				8C1506D71A4F3CEC00512104 /* Release */,
			);
			defaultConfigurationIsVisible = 0;
		};
		8C1506D81A4F3CEC00512104 /* Build configuration list for PBXNativeTarget "How ManyTests" */ = {
			isa = XCConfigurationList;
			buildConfigurations = (
				8C1506D91A4F3CEC00512104 /* Debug */,
				8C1506DA1A4F3CEC00512104 /* Release */,
			);
			defaultConfigurationIsVisible = 0;
		};
/* End XCConfigurationList section */
	};
	rootObject = 8C1506AE1A4F3CEB00512104 /* Project object */;
}
