// !$*UTF8*$!
{
	archiveVersion = 1;
	classes = {
	};
	objectVersion = 46;
	objects = {

/* Begin PBXBuildFile section */
		8CA733471A4C944900B36DBF /* AppDelegate.swift in Sources */ = {isa = PBXBuildFile; fileRef = 8CA733461A4C944900B36DBF /* AppDelegate.swift */; };
		8CA733491A4C944900B36DBF /* ViewController.swift in Sources */ = {isa = PBXBuildFile; fileRef = 8CA733481A4C944900B36DBF /* ViewController.swift */; };
		8CA7334C1A4C944900B36DBF /* Main.storyboard in Resources */ = {isa = PBXBuildFile; fileRef = 8CA7334A1A4C944900B36DBF /* Main.storyboard */; };
		8CA7334E1A4C944900B36DBF /* Images.xcassets in Resources */ = {isa = PBXBuildFile; fileRef = 8CA7334D1A4C944900B36DBF /* Images.xcassets */; };
		8CA733511A4C944900B36DBF /* LaunchScreen.xib in Resources */ = {isa = PBXBuildFile; fileRef = 8CA7334F1A4C944900B36DBF /* LaunchScreen.xib */; };
		8CA7335D1A4C944900B36DBF /* Cat_YearsTests.swift in Sources */ = {isa = PBXBuildFile; fileRef = 8CA7335C1A4C944900B36DBF /* Cat_YearsTests.swift */; };
/* End PBXBuildFile section */

/* Begin PBXContainerItemProxy section */
		8CA733571A4C944900B36DBF /* PBXContainerItemProxy */ = {
			isa = PBXContainerItemProxy;
			containerPortal = 8CA733391A4C944900B36DBF /* Project object */;
			proxyType = 1;
			remoteGlobalIDString = 8CA733401A4C944900B36DBF;
			remoteInfo = "Cat Years";
		};
/* End PBXContainerItemProxy section */

/* Begin PBXFileReference section */
		8CA733411A4C944900B36DBF /* Cat Years.app */ = {isa = PBXFileReference; explicitFileType = wrapper.application; includeInIndex = 0; path = "Cat Years.app"; sourceTree = BUILT_PRODUCTS_DIR; };
		8CA733451A4C944900B36DBF /* Info.plist */ = {isa = PBXFileReference; lastKnownFileType = text.plist.xml; path = Info.plist; sourceTree = "<group>"; };
		8CA733461A4C944900B36DBF /* AppDelegate.swift */ = {isa = PBXFileReference; lastKnownFileType = sourcecode.swift; path = AppDelegate.swift; sourceTree = "<group>"; };
		8CA733481A4C944900B36DBF /* ViewController.swift */ = {isa = PBXFileReference; lastKnownFileType = sourcecode.swift; path = ViewController.swift; sourceTree = "<group>"; };
		8CA7334B1A4C944900B36DBF /* Base */ = {isa = PBXFileReference; lastKnownFileType = file.storyboard; name = Base; path = Base.lproj/Main.storyboard; sourceTree = "<group>"; };
		8CA7334D1A4C944900B36DBF /* Images.xcassets */ = {isa = PBXFileReference; lastKnownFileType = folder.assetcatalog; path = Images.xcassets; sourceTree = "<group>"; };
		8CA733501A4C944900B36DBF /* Base */ = {isa = PBXFileReference; lastKnownFileType = file.xib; name = Base; path = Base.lproj/LaunchScreen.xib; sourceTree = "<group>"; };
		8CA733561A4C944900B36DBF /* Cat YearsTests.xctest */ = {isa = PBXFileReference; explicitFileType = wrapper.cfbundle; includeInIndex = 0; path = "Cat YearsTests.xctest"; sourceTree = BUILT_PRODUCTS_DIR; };
		8CA7335B1A4C944900B36DBF /* Info.plist */ = {isa = PBXFileReference; lastKnownFileType = text.plist.xml; path = Info.plist; sourceTree = "<group>"; };
		8CA7335C1A4C944900B36DBF /* Cat_YearsTests.swift */ = {isa = PBXFileReference; lastKnownFileType = sourcecode.swift; path = Cat_YearsTests.swift; sourceTree = "<group>"; };
/* End PBXFileReference section */

/* Begin PBXFrameworksBuildPhase section */
		8CA7333E1A4C944900B36DBF /* Frameworks */ = {
			isa = PBXFrameworksBuildPhase;
			buildActionMask = 2147483647;
			files = (
			);
			runOnlyForDeploymentPostprocessing = 0;
		};
		8CA733531A4C944900B36DBF /* Frameworks */ = {
			isa = PBXFrameworksBuildPhase;
			buildActionMask = 2147483647;
			files = (
			);
			runOnlyForDeploymentPostprocessing = 0;
		};
/* End PBXFrameworksBuildPhase section */

/* Begin PBXGroup section */
		8CA733381A4C944900B36DBF = {
			isa = PBXGroup;
			children = (
				8CA733431A4C944900B36DBF /* Cat Years */,
				8CA733591A4C944900B36DBF /* Cat YearsTests */,
				8CA733421A4C944900B36DBF /* Products */,
			);
			sourceTree = "<group>";
		};
		8CA733421A4C944900B36DBF /* Products */ = {
			isa = PBXGroup;
			children = (
				8CA733411A4C944900B36DBF /* Cat Years.app */,
				8CA733561A4C944900B36DBF /* Cat YearsTests.xctest */,
			);
			name = Products;
			sourceTree = "<group>";
		};
		8CA733431A4C944900B36DBF /* Cat Years */ = {
			isa = PBXGroup;
			children = (
				8CA733461A4C944900B36DBF /* AppDelegate.swift */,
				8CA733481A4C944900B36DBF /* ViewController.swift */,
				8CA7334A1A4C944900B36DBF /* Main.storyboard */,
				8CA7334D1A4C944900B36DBF /* Images.xcassets */,
				8CA7334F1A4C944900B36DBF /* LaunchScreen.xib */,
				8CA733441A4C944900B36DBF /* Supporting Files */,
			);
			path = "Cat Years";
			sourceTree = "<group>";
		};
		8CA733441A4C944900B36DBF /* Supporting Files */ = {
			isa = PBXGroup;
			children = (
				8CA733451A4C944900B36DBF /* Info.plist */,
			);
			name = "Supporting Files";
			sourceTree = "<group>";
		};
		8CA733591A4C944900B36DBF /* Cat YearsTests */ = {
			isa = PBXGroup;
			children = (
				8CA7335C1A4C944900B36DBF /* Cat_YearsTests.swift */,
				8CA7335A1A4C944900B36DBF /* Supporting Files */,
			);
			path = "Cat YearsTests";
			sourceTree = "<group>";
		};
		8CA7335A1A4C944900B36DBF /* Supporting Files */ = {
			isa = PBXGroup;
			children = (
				8CA7335B1A4C944900B36DBF /* Info.plist */,
			);
			name = "Supporting Files";
			sourceTree = "<group>";
		};
/* End PBXGroup section */

/* Begin PBXNativeTarget section */
		8CA733401A4C944900B36DBF /* Cat Years */ = {
			isa = PBXNativeTarget;
			buildConfigurationList = 8CA733601A4C944900B36DBF /* Build configuration list for PBXNativeTarget "Cat Years" */;
			buildPhases = (
				8CA7333D1A4C944900B36DBF /* Sources */,
				8CA7333E1A4C944900B36DBF /* Frameworks */,
				8CA7333F1A4C944900B36DBF /* Resources */,
			);
			buildRules = (
			);
			dependencies = (
			);
			name = "Cat Years";
			productName = "Cat Years";
			productReference = 8CA733411A4C944900B36DBF /* Cat Years.app */;
			productType = "com.apple.product-type.application";
		};
		8CA733551A4C944900B36DBF /* Cat YearsTests */ = {
			isa = PBXNativeTarget;
			buildConfigurationList = 8CA733631A4C944900B36DBF /* Build configuration list for PBXNativeTarget "Cat YearsTests" */;
			buildPhases = (
				8CA733521A4C944900B36DBF /* Sources */,
				8CA733531A4C944900B36DBF /* Frameworks */,
				8CA733541A4C944900B36DBF /* Resources */,
			);
			buildRules = (
			);
			dependencies = (
				8CA733581A4C944900B36DBF /* PBXTargetDependency */,
			);
			name = "Cat YearsTests";
			productName = "Cat YearsTests";
			productReference = 8CA733561A4C944900B36DBF /* Cat YearsTests.xctest */;
			productType = "com.apple.product-type.bundle.unit-test";
		};
/* End PBXNativeTarget section */

/* Begin PBXProject section */
		8CA733391A4C944900B36DBF /* Project object */ = {
			isa = PBXProject;
			attributes = {
				LastUpgradeCheck = 0610;
				ORGANIZATIONNAME = "Andy Shi";
				TargetAttributes = {
					8CA733401A4C944900B36DBF = {
						CreatedOnToolsVersion = 6.1.1;
					};
					8CA733551A4C944900B36DBF = {
						CreatedOnToolsVersion = 6.1.1;
						TestTargetID = 8CA733401A4C944900B36DBF;
					};
				};
			};
			buildConfigurationList = 8CA7333C1A4C944900B36DBF /* Build configuration list for PBXProject "Cat Years" */;
			compatibilityVersion = "Xcode 3.2";
			developmentRegion = English;
			hasScannedForEncodings = 0;
			knownRegions = (
				en,
				Base,
			);
			mainGroup = 8CA733381A4C944900B36DBF;
			productRefGroup = 8CA733421A4C944900B36DBF /* Products */;
			projectDirPath = "";
			projectRoot = "";
			targets = (
				8CA733401A4C944900B36DBF /* Cat Years */,
				8CA733551A4C944900B36DBF /* Cat YearsTests */,
			);
		};
/* End PBXProject section */

/* Begin PBXResourcesBuildPhase section */
		8CA7333F1A4C944900B36DBF /* Resources */ = {
			isa = PBXResourcesBuildPhase;
			buildActionMask = 2147483647;
			files = (
				8CA7334C1A4C944900B36DBF /* Main.storyboard in Resources */,
				8CA733511A4C944900B36DBF /* LaunchScreen.xib in Resources */,
				8CA7334E1A4C944900B36DBF /* Images.xcassets in Resources */,
			);
			runOnlyForDeploymentPostprocessing = 0;
		};
		8CA733541A4C944900B36DBF /* Resources */ = {
			isa = PBXResourcesBuildPhase;
			buildActionMask = 2147483647;
			files = (
			);
			runOnlyForDeploymentPostprocessing = 0;
		};
/* End PBXResourcesBuildPhase section */

/* Begin PBXSourcesBuildPhase section */
		8CA7333D1A4C944900B36DBF /* Sources */ = {
			isa = PBXSourcesBuildPhase;
			buildActionMask = 2147483647;
			files = (
				8CA733491A4C944900B36DBF /* ViewController.swift in Sources */,
				8CA733471A4C944900B36DBF /* AppDelegate.swift in Sources */,
			);
			runOnlyForDeploymentPostprocessing = 0;
		};
		8CA733521A4C944900B36DBF /* Sources */ = {
			isa = PBXSourcesBuildPhase;
			buildActionMask = 2147483647;
			files = (
				8CA7335D1A4C944900B36DBF /* Cat_YearsTests.swift in Sources */,
			);
			runOnlyForDeploymentPostprocessing = 0;
		};
/* End PBXSourcesBuildPhase section */

/* Begin PBXTargetDependency section */
		8CA733581A4C944900B36DBF /* PBXTargetDependency */ = {
			isa = PBXTargetDependency;
			target = 8CA733401A4C944900B36DBF /* Cat Years */;
			targetProxy = 8CA733571A4C944900B36DBF /* PBXContainerItemProxy */;
		};
/* End PBXTargetDependency section */

/* Begin PBXVariantGroup section */
		8CA7334A1A4C944900B36DBF /* Main.storyboard */ = {
			isa = PBXVariantGroup;
			children = (
				8CA7334B1A4C944900B36DBF /* Base */,
			);
			name = Main.storyboard;
			sourceTree = "<group>";
		};
		8CA7334F1A4C944900B36DBF /* LaunchScreen.xib */ = {
			isa = PBXVariantGroup;
			children = (
				8CA733501A4C944900B36DBF /* Base */,
			);
			name = LaunchScreen.xib;
			sourceTree = "<group>";
		};
/* End PBXVariantGroup section */

/* Begin XCBuildConfiguration section */
		8CA7335E1A4C944900B36DBF /* Debug */ = {
			isa = XCBuildConfiguration;
			buildSettings = {
				ALWAYS_SEARCH_USER_PATHS = NO;
				CLANG_CXX_LANGUAGE_STANDARD = "gnu++0x";
				CLANG_CXX_LIBRARY = "libc++";
				CLANG_ENABLE_MODULES = YES;
				CLANG_ENABLE_OBJC_ARC = YES;
				CLANG_WARN_BOOL_CONVERSION = YES;
				CLANG_WARN_CONSTANT_CONVERSION = YES;
				CLANG_WARN_DIRECT_OBJC_ISA_USAGE = YES_ERROR;
				CLANG_WARN_EMPTY_BODY = YES;
				CLANG_WARN_ENUM_CONVERSION = YES;
				CLANG_WARN_INT_CONVERSION = YES;
				CLANG_WARN_OBJC_ROOT_CLASS = YES_ERROR;
				CLANG_WARN_UNREACHABLE_CODE = YES;
				CLANG_WARN__DUPLICATE_METHOD_MATCH = YES;
				"CODE_SIGN_IDENTITY[sdk=iphoneos*]" = "iPhone Developer";
				COPY_PHASE_STRIP = NO;
				ENABLE_STRICT_OBJC_MSGSEND = YES;
				GCC_C_LANGUAGE_STANDARD = gnu99;
				GCC_DYNAMIC_NO_PIC = NO;
				GCC_OPTIMIZATION_LEVEL = 0;
				GCC_PREPROCESSOR_DEFINITIONS = (
					"DEBUG=1",
					"$(inherited)",
				);
				GCC_SYMBOLS_PRIVATE_EXTERN = NO;
				GCC_WARN_64_TO_32_BIT_CONVERSION = YES;
				GCC_WARN_ABOUT_RETURN_TYPE = YES_ERROR;
				GCC_WARN_UNDECLARED_SELECTOR = YES;
				GCC_WARN_UNINITIALIZED_AUTOS = YES_AGGRESSIVE;
				GCC_WARN_UNUSED_FUNCTION = YES;
				GCC_WARN_UNUSED_VARIABLE = YES;
				IPHONEOS_DEPLOYMENT_TARGET = 8.1;
				MTL_ENABLE_DEBUG_INFO = YES;
				ONLY_ACTIVE_ARCH = YES;
				SDKROOT = iphoneos;
				SWIFT_OPTIMIZATION_LEVEL = "-Onone";
			};
			name = Debug;
		};
		8CA7335F1A4C944900B36DBF /* Release */ = {
			isa = XCBuildConfiguration;
			buildSettings = {
				ALWAYS_SEARCH_USER_PATHS = NO;
				CLANG_CXX_LANGUAGE_STANDARD = "gnu++0x";
				CLANG_CXX_LIBRARY = "libc++";
				CLANG_ENABLE_MODULES = YES;
				CLANG_ENABLE_OBJC_ARC = YES;
				CLANG_WARN_BOOL_CONVERSION = YES;
				CLANG_WARN_CONSTANT_CONVERSION = YES;
				CLANG_WARN_DIRECT_OBJC_ISA_USAGE = YES_ERROR;
				CLANG_WARN_EMPTY_BODY = YES;
				CLANG_WARN_ENUM_CONVERSION = YES;
				CLANG_WARN_INT_CONVERSION = YES;
				CLANG_WARN_OBJC_ROOT_CLASS = YES_ERROR;
				CLANG_WARN_UNREACHABLE_CODE = YES;
				CLANG_WARN__DUPLICATE_METHOD_MATCH = YES;
				"CODE_SIGN_IDENTITY[sdk=iphoneos*]" = "iPhone Developer";
				COPY_PHASE_STRIP = YES;
				ENABLE_NS_ASSERTIONS = NO;
				ENABLE_STRICT_OBJC_MSGSEND = YES;
				GCC_C_LANGUAGE_STANDARD = gnu99;
				GCC_WARN_64_TO_32_BIT_CONVERSION = YES;
				GCC_WARN_ABOUT_RETURN_TYPE = YES_ERROR;
				GCC_WARN_UNDECLARED_SELECTOR = YES;
				GCC_WARN_UNINITIALIZED_AUTOS = YES_AGGRESSIVE;
				GCC_WARN_UNUSED_FUNCTION = YES;
				GCC_WARN_UNUSED_VARIABLE = YES;
				IPHONEOS_DEPLOYMENT_TARGET = 8.1;
				MTL_ENABLE_DEBUG_INFO = NO;
				SDKROOT = iphoneos;
				VALIDATE_PRODUCT = YES;
			};
			name = Release;
		};
		8CA733611A4C944900B36DBF /* Debug */ = {
			isa = XCBuildConfiguration;
			buildSettings = {
				ASSETCATALOG_COMPILER_APPICON_NAME = AppIcon;
				INFOPLIST_FILE = "Cat Years/Info.plist";
				LD_RUNPATH_SEARCH_PATHS = "$(inherited) @executable_path/Frameworks";
				PRODUCT_NAME = "$(TARGET_NAME)";
			};
			name = Debug;
		};
		8CA733621A4C944900B36DBF /* Release */ = {
			isa = XCBuildConfiguration;
			buildSettings = {
				ASSETCATALOG_COMPILER_APPICON_NAME = AppIcon;
				INFOPLIST_FILE = "Cat Years/Info.plist";
				LD_RUNPATH_SEARCH_PATHS = "$(inherited) @executable_path/Frameworks";
				PRODUCT_NAME = "$(TARGET_NAME)";
			};
			name = Release;
		};
		8CA733641A4C944900B36DBF /* Debug */ = {
			isa = XCBuildConfiguration;
			buildSettings = {
				BUNDLE_LOADER = "$(TEST_HOST)";
				FRAMEWORK_SEARCH_PATHS = (
					"$(SDKROOT)/Developer/Library/Frameworks",
					"$(inherited)",
				);
				GCC_PREPROCESSOR_DEFINITIONS = (
					"DEBUG=1",
					"$(inherited)",
				);
				INFOPLIST_FILE = "Cat YearsTests/Info.plist";
				LD_RUNPATH_SEARCH_PATHS = "$(inherited) @executable_path/Frameworks @loader_path/Frameworks";
				PRODUCT_NAME = "$(TARGET_NAME)";
				TEST_HOST = "$(BUILT_PRODUCTS_DIR)/Cat Years.app/Cat Years";
			};
			name = Debug;
		};
		8CA733651A4C944900B36DBF /* Release */ = {
			isa = XCBuildConfiguration;
			buildSettings = {
				BUNDLE_LOADER = "$(TEST_HOST)";
				FRAMEWORK_SEARCH_PATHS = (
					"$(SDKROOT)/Developer/Library/Frameworks",
					"$(inherited)",
				);
				INFOPLIST_FILE = "Cat YearsTests/Info.plist";
				LD_RUNPATH_SEARCH_PATHS = "$(inherited) @executable_path/Frameworks @loader_path/Frameworks";
				PRODUCT_NAME = "$(TARGET_NAME)";
				TEST_HOST = "$(BUILT_PRODUCTS_DIR)/Cat Years.app/Cat Years";
			};
			name = Release;
		};
/* End XCBuildConfiguration section */

/* Begin XCConfigurationList section */
		8CA7333C1A4C944900B36DBF /* Build configuration list for PBXProject "Cat Years" */ = {
			isa = XCConfigurationList;
			buildConfigurations = (
				8CA7335E1A4C944900B36DBF /* Debug */,
				8CA7335F1A4C944900B36DBF /* Release */,
			);
			defaultConfigurationIsVisible = 0;
			defaultConfigurationName = Release;
		};
		8CA733601A4C944900B36DBF /* Build configuration list for PBXNativeTarget "Cat Years" */ = {
			isa = XCConfigurationList;
			buildConfigurations = (
				8CA733611A4C944900B36DBF /* Debug */,
				8CA733621A4C944900B36DBF /* Release */,
			);
			defaultConfigurationIsVisible = 0;
		};
		8CA733631A4C944900B36DBF /* Build configuration list for PBXNativeTarget "Cat YearsTests" */ = {
			isa = XCConfigurationList;
			buildConfigurations = (
				8CA733641A4C944900B36DBF /* Debug */,
				8CA733651A4C944900B36DBF /* Release */,
			);
			defaultConfigurationIsVisible = 0;
		};
/* End XCConfigurationList section */
	};
	rootObject = 8CA733391A4C944900B36DBF /* Project object */;
}
